// !$*UTF8*$!
{
	archiveVersion = 1;
	classes = {
	};
	objectVersion = 50;
	objects = {

/* Begin PBXBuildFile section */
		F6218DB02361F5E700917938 /* CancelBag.swift in Sources */ = {isa = PBXBuildFile; fileRef = F6218DAF2361F5E700917938 /* CancelBag.swift */; };
		F6218DB22362FD3100917938 /* CountryCell.swift in Sources */ = {isa = PBXBuildFile; fileRef = F6218DB12362FD3100917938 /* CountryCell.swift */; };
		F6218DB42363051D00917938 /* CountryDetails.swift in Sources */ = {isa = PBXBuildFile; fileRef = F6218DB32363051D00917938 /* CountryDetails.swift */; };
		F6218DB623634D4100917938 /* ErrorView.swift in Sources */ = {isa = PBXBuildFile; fileRef = F6218DB523634D4100917938 /* ErrorView.swift */; };
		F62822B4236478DE00823BA1 /* ModalDetailsView.swift in Sources */ = {isa = PBXBuildFile; fileRef = F62822B3236478DE00823BA1 /* ModalDetailsView.swift */; };
		F64495E52360D66400C9BB1F /* AppDelegate.swift in Sources */ = {isa = PBXBuildFile; fileRef = F64495E42360D66400C9BB1F /* AppDelegate.swift */; };
		F64495E72360D66400C9BB1F /* SceneDelegate.swift in Sources */ = {isa = PBXBuildFile; fileRef = F64495E62360D66400C9BB1F /* SceneDelegate.swift */; };
		F64495E92360D66400C9BB1F /* ContentView.swift in Sources */ = {isa = PBXBuildFile; fileRef = F64495E82360D66400C9BB1F /* ContentView.swift */; };
		F64495EB2360D66700C9BB1F /* Assets.xcassets in Resources */ = {isa = PBXBuildFile; fileRef = F64495EA2360D66700C9BB1F /* Assets.xcassets */; };
		F64495EE2360D66700C9BB1F /* Preview Assets.xcassets in Resources */ = {isa = PBXBuildFile; fileRef = F64495ED2360D66700C9BB1F /* Preview Assets.xcassets */; };
		F64495F12360D66700C9BB1F /* LaunchScreen.storyboard in Resources */ = {isa = PBXBuildFile; fileRef = F64495EF2360D66700C9BB1F /* LaunchScreen.storyboard */; };
		F64495FD2360D81F00C9BB1F /* AppState.swift in Sources */ = {isa = PBXBuildFile; fileRef = F64495FC2360D81F00C9BB1F /* AppState.swift */; };
		F64496002360D8B000C9BB1F /* CountriesService.swift in Sources */ = {isa = PBXBuildFile; fileRef = F64495FF2360D8B000C9BB1F /* CountriesService.swift */; };
		F64496032360D8EB00C9BB1F /* Loadable.swift in Sources */ = {isa = PBXBuildFile; fileRef = F64496022360D8EB00C9BB1F /* Loadable.swift */; };
		F64496052360D93D00C9BB1F /* ContentViewModel.swift in Sources */ = {isa = PBXBuildFile; fileRef = F64496042360D93D00C9BB1F /* ContentViewModel.swift */; };
		F64496082360DFB700C9BB1F /* Country.swift in Sources */ = {isa = PBXBuildFile; fileRef = F64496072360DFB700C9BB1F /* Country.swift */; };
		F644960A2360E4A300C9BB1F /* TypeAliases.swift in Sources */ = {isa = PBXBuildFile; fileRef = F64496092360E4A300C9BB1F /* TypeAliases.swift */; };
		F644960C2360EAD000C9BB1F /* APICall.swift in Sources */ = {isa = PBXBuildFile; fileRef = F644960B2360EAD000C9BB1F /* APICall.swift */; };
		F644960E2360EF6C00C9BB1F /* Service.swift in Sources */ = {isa = PBXBuildFile; fileRef = F644960D2360EF6C00C9BB1F /* Service.swift */; };
		F64496102361B64700C9BB1F /* CountriesList.swift in Sources */ = {isa = PBXBuildFile; fileRef = F644960F2361B64700C9BB1F /* CountriesList.swift */; };
		F64496122361BB4900C9BB1F /* DIContainer.swift in Sources */ = {isa = PBXBuildFile; fileRef = F64496112361BB4900C9BB1F /* DIContainer.swift */; };
		F6BDB91623636865003E69F2 /* DetailRow.swift in Sources */ = {isa = PBXBuildFile; fileRef = F6BDB91523636865003E69F2 /* DetailRow.swift */; };
		F6BDB91823637C5F003E69F2 /* ActivityIndicatorView.swift in Sources */ = {isa = PBXBuildFile; fileRef = F6BDB91723637C5F003E69F2 /* ActivityIndicatorView.swift */; };
		F6BDB91A236382E7003E69F2 /* SVGImageView.swift in Sources */ = {isa = PBXBuildFile; fileRef = F6BDB919236382E7003E69F2 /* SVGImageView.swift */; };
/* End PBXBuildFile section */

/* Begin PBXFileReference section */
		F6218DAF2361F5E700917938 /* CancelBag.swift */ = {isa = PBXFileReference; lastKnownFileType = sourcecode.swift; path = CancelBag.swift; sourceTree = "<group>"; };
		F6218DB12362FD3100917938 /* CountryCell.swift */ = {isa = PBXFileReference; lastKnownFileType = sourcecode.swift; path = CountryCell.swift; sourceTree = "<group>"; };
		F6218DB32363051D00917938 /* CountryDetails.swift */ = {isa = PBXFileReference; lastKnownFileType = sourcecode.swift; path = CountryDetails.swift; sourceTree = "<group>"; };
		F6218DB523634D4100917938 /* ErrorView.swift */ = {isa = PBXFileReference; lastKnownFileType = sourcecode.swift; path = ErrorView.swift; sourceTree = "<group>"; };
		F62822B3236478DE00823BA1 /* ModalDetailsView.swift */ = {isa = PBXFileReference; lastKnownFileType = sourcecode.swift; path = ModalDetailsView.swift; sourceTree = "<group>"; };
		F64495E12360D66400C9BB1F /* CountriesSwiftUI.app */ = {isa = PBXFileReference; explicitFileType = wrapper.application; includeInIndex = 0; path = CountriesSwiftUI.app; sourceTree = BUILT_PRODUCTS_DIR; };
		F64495E42360D66400C9BB1F /* AppDelegate.swift */ = {isa = PBXFileReference; lastKnownFileType = sourcecode.swift; path = AppDelegate.swift; sourceTree = "<group>"; };
		F64495E62360D66400C9BB1F /* SceneDelegate.swift */ = {isa = PBXFileReference; lastKnownFileType = sourcecode.swift; path = SceneDelegate.swift; sourceTree = "<group>"; };
		F64495E82360D66400C9BB1F /* ContentView.swift */ = {isa = PBXFileReference; lastKnownFileType = sourcecode.swift; path = ContentView.swift; sourceTree = "<group>"; };
		F64495EA2360D66700C9BB1F /* Assets.xcassets */ = {isa = PBXFileReference; lastKnownFileType = folder.assetcatalog; path = Assets.xcassets; sourceTree = "<group>"; };
		F64495ED2360D66700C9BB1F /* Preview Assets.xcassets */ = {isa = PBXFileReference; lastKnownFileType = folder.assetcatalog; path = "Preview Assets.xcassets"; sourceTree = "<group>"; };
		F64495F02360D66700C9BB1F /* Base */ = {isa = PBXFileReference; lastKnownFileType = file.storyboard; name = Base; path = Base.lproj/LaunchScreen.storyboard; sourceTree = "<group>"; };
		F64495F22360D66700C9BB1F /* Info.plist */ = {isa = PBXFileReference; lastKnownFileType = text.plist.xml; path = Info.plist; sourceTree = "<group>"; };
		F64495FC2360D81F00C9BB1F /* AppState.swift */ = {isa = PBXFileReference; lastKnownFileType = sourcecode.swift; path = AppState.swift; sourceTree = "<group>"; };
		F64495FF2360D8B000C9BB1F /* CountriesService.swift */ = {isa = PBXFileReference; lastKnownFileType = sourcecode.swift; path = CountriesService.swift; sourceTree = "<group>"; };
		F64496022360D8EB00C9BB1F /* Loadable.swift */ = {isa = PBXFileReference; lastKnownFileType = sourcecode.swift; path = Loadable.swift; sourceTree = "<group>"; };
		F64496042360D93D00C9BB1F /* ContentViewModel.swift */ = {isa = PBXFileReference; lastKnownFileType = sourcecode.swift; path = ContentViewModel.swift; sourceTree = "<group>"; };
		F64496072360DFB700C9BB1F /* Country.swift */ = {isa = PBXFileReference; lastKnownFileType = sourcecode.swift; path = Country.swift; sourceTree = "<group>"; };
		F64496092360E4A300C9BB1F /* TypeAliases.swift */ = {isa = PBXFileReference; lastKnownFileType = sourcecode.swift; path = TypeAliases.swift; sourceTree = "<group>"; };
		F644960B2360EAD000C9BB1F /* APICall.swift */ = {isa = PBXFileReference; lastKnownFileType = sourcecode.swift; path = APICall.swift; sourceTree = "<group>"; };
		F644960D2360EF6C00C9BB1F /* Service.swift */ = {isa = PBXFileReference; lastKnownFileType = sourcecode.swift; path = Service.swift; sourceTree = "<group>"; };
		F644960F2361B64700C9BB1F /* CountriesList.swift */ = {isa = PBXFileReference; lastKnownFileType = sourcecode.swift; path = CountriesList.swift; sourceTree = "<group>"; };
		F64496112361BB4900C9BB1F /* DIContainer.swift */ = {isa = PBXFileReference; lastKnownFileType = sourcecode.swift; path = DIContainer.swift; sourceTree = "<group>"; };
		F6BDB91523636865003E69F2 /* DetailRow.swift */ = {isa = PBXFileReference; lastKnownFileType = sourcecode.swift; path = DetailRow.swift; sourceTree = "<group>"; };
		F6BDB91723637C5F003E69F2 /* ActivityIndicatorView.swift */ = {isa = PBXFileReference; lastKnownFileType = sourcecode.swift; path = ActivityIndicatorView.swift; sourceTree = "<group>"; };
		F6BDB919236382E7003E69F2 /* SVGImageView.swift */ = {isa = PBXFileReference; lastKnownFileType = sourcecode.swift; path = SVGImageView.swift; sourceTree = "<group>"; };
/* End PBXFileReference section */

/* Begin PBXFrameworksBuildPhase section */
		F64495DE2360D66400C9BB1F /* Frameworks */ = {
			isa = PBXFrameworksBuildPhase;
			buildActionMask = 2147483647;
			files = (
			);
			runOnlyForDeploymentPostprocessing = 0;
		};
/* End PBXFrameworksBuildPhase section */

/* Begin PBXGroup section */
		F62822B523647F8300823BA1 /* Screens */ = {
			isa = PBXGroup;
			children = (
				F64495E82360D66400C9BB1F /* ContentView.swift */,
				F644960F2361B64700C9BB1F /* CountriesList.swift */,
				F6218DB32363051D00917938 /* CountryDetails.swift */,
				F62822B3236478DE00823BA1 /* ModalDetailsView.swift */,
			);
			path = Screens;
			sourceTree = "<group>";
		};
		F62822B623647FA700823BA1 /* Components */ = {
			isa = PBXGroup;
			children = (
				F6218DB12362FD3100917938 /* CountryCell.swift */,
				F6BDB91523636865003E69F2 /* DetailRow.swift */,
				F6218DB523634D4100917938 /* ErrorView.swift */,
				F6BDB91723637C5F003E69F2 /* ActivityIndicatorView.swift */,
				F6BDB919236382E7003E69F2 /* SVGImageView.swift */,
			);
			path = Components;
			sourceTree = "<group>";
		};
		F64495D82360D66400C9BB1F = {
			isa = PBXGroup;
			children = (
				F64495E32360D66400C9BB1F /* CountriesSwiftUI */,
				F64495E22360D66400C9BB1F /* Products */,
			);
			sourceTree = "<group>";
		};
		F64495E22360D66400C9BB1F /* Products */ = {
			isa = PBXGroup;
			children = (
				F64495E12360D66400C9BB1F /* CountriesSwiftUI.app */,
			);
			name = Products;
			sourceTree = "<group>";
		};
		F64495E32360D66400C9BB1F /* CountriesSwiftUI */ = {
			isa = PBXGroup;
			children = (
				F64496062360DFAD00C9BB1F /* Model */,
				F64495FB2360D80B00C9BB1F /* Injected */,
				F64495F82360D67A00C9BB1F /* System */,
				F64495F92360D68D00C9BB1F /* UI */,
				F64496012360D8D800C9BB1F /* Utilities */,
				F64495FA2360D69600C9BB1F /* Resources */,
			);
			path = CountriesSwiftUI;
			sourceTree = "<group>";
		};
		F64495F82360D67A00C9BB1F /* System */ = {
			isa = PBXGroup;
			children = (
				F64495E42360D66400C9BB1F /* AppDelegate.swift */,
				F64495E62360D66400C9BB1F /* SceneDelegate.swift */,
			);
			path = System;
			sourceTree = "<group>";
		};
		F64495F92360D68D00C9BB1F /* UI */ = {
			isa = PBXGroup;
			children = (
				F62822B523647F8300823BA1 /* Screens */,
				F62822B623647FA700823BA1 /* Components */,
			);
			path = UI;
			sourceTree = "<group>";
		};
		F64495FA2360D69600C9BB1F /* Resources */ = {
			isa = PBXGroup;
			children = (
				F64495EA2360D66700C9BB1F /* Assets.xcassets */,
				F64495ED2360D66700C9BB1F /* Preview Assets.xcassets */,
				F64495EF2360D66700C9BB1F /* LaunchScreen.storyboard */,
				F64495F22360D66700C9BB1F /* Info.plist */,
			);
			path = Resources;
			sourceTree = "<group>";
		};
		F64495FB2360D80B00C9BB1F /* Injected */ = {
			isa = PBXGroup;
			children = (
				F64496112361BB4900C9BB1F /* DIContainer.swift */,
				F64495FC2360D81F00C9BB1F /* AppState.swift */,
				F64495FE2360D88D00C9BB1F /* Services */,
			);
			path = Injected;
			sourceTree = "<group>";
		};
		F64495FE2360D88D00C9BB1F /* Services */ = {
			isa = PBXGroup;
			children = (
				F64495FF2360D8B000C9BB1F /* CountriesService.swift */,
			);
			path = Services;
			sourceTree = "<group>";
		};
		F64496012360D8D800C9BB1F /* Utilities */ = {
			isa = PBXGroup;
			children = (
				F64496092360E4A300C9BB1F /* TypeAliases.swift */,
				F64496022360D8EB00C9BB1F /* Loadable.swift */,
				F6218DAF2361F5E700917938 /* CancelBag.swift */,
				F64496042360D93D00C9BB1F /* ContentViewModel.swift */,
				F644960B2360EAD000C9BB1F /* APICall.swift */,
				F644960D2360EF6C00C9BB1F /* Service.swift */,
			);
			path = Utilities;
			sourceTree = "<group>";
		};
		F64496062360DFAD00C9BB1F /* Model */ = {
			isa = PBXGroup;
			children = (
				F64496072360DFB700C9BB1F /* Country.swift */,
			);
			path = Model;
			sourceTree = "<group>";
		};
/* End PBXGroup section */

/* Begin PBXNativeTarget section */
		F64495E02360D66400C9BB1F /* CountriesSwiftUI */ = {
			isa = PBXNativeTarget;
			buildConfigurationList = F64495F52360D66700C9BB1F /* Build configuration list for PBXNativeTarget "CountriesSwiftUI" */;
			buildPhases = (
				F64495DD2360D66400C9BB1F /* Sources */,
				F64495DE2360D66400C9BB1F /* Frameworks */,
				F64495DF2360D66400C9BB1F /* Resources */,
			);
			buildRules = (
			);
			dependencies = (
			);
			name = CountriesSwiftUI;
			productName = CountriesSwiftUI;
			productReference = F64495E12360D66400C9BB1F /* CountriesSwiftUI.app */;
			productType = "com.apple.product-type.application";
		};
/* End PBXNativeTarget section */

/* Begin PBXProject section */
		F64495D92360D66400C9BB1F /* Project object */ = {
			isa = PBXProject;
			attributes = {
				LastSwiftUpdateCheck = 1110;
				LastUpgradeCheck = 1110;
				ORGANIZATIONNAME = "Alexey Naumov";
				TargetAttributes = {
					F64495E02360D66400C9BB1F = {
						CreatedOnToolsVersion = 11.1;
					};
				};
			};
			buildConfigurationList = F64495DC2360D66400C9BB1F /* Build configuration list for PBXProject "CountriesSwiftUI" */;
			compatibilityVersion = "Xcode 9.3";
			developmentRegion = en;
			hasScannedForEncodings = 0;
			knownRegions = (
				en,
				Base,
			);
			mainGroup = F64495D82360D66400C9BB1F;
			productRefGroup = F64495E22360D66400C9BB1F /* Products */;
			projectDirPath = "";
			projectRoot = "";
			targets = (
				F64495E02360D66400C9BB1F /* CountriesSwiftUI */,
			);
		};
/* End PBXProject section */

/* Begin PBXResourcesBuildPhase section */
		F64495DF2360D66400C9BB1F /* Resources */ = {
			isa = PBXResourcesBuildPhase;
			buildActionMask = 2147483647;
			files = (
				F64495F12360D66700C9BB1F /* LaunchScreen.storyboard in Resources */,
				F64495EE2360D66700C9BB1F /* Preview Assets.xcassets in Resources */,
				F64495EB2360D66700C9BB1F /* Assets.xcassets in Resources */,
			);
			runOnlyForDeploymentPostprocessing = 0;
		};
/* End PBXResourcesBuildPhase section */

/* Begin PBXSourcesBuildPhase section */
		F64495DD2360D66400C9BB1F /* Sources */ = {
			isa = PBXSourcesBuildPhase;
			buildActionMask = 2147483647;
			files = (
				F64495E52360D66400C9BB1F /* AppDelegate.swift in Sources */,
				F64496052360D93D00C9BB1F /* ContentViewModel.swift in Sources */,
				F6218DB623634D4100917938 /* ErrorView.swift in Sources */,
				F6218DB22362FD3100917938 /* CountryCell.swift in Sources */,
				F64496102361B64700C9BB1F /* CountriesList.swift in Sources */,
				F6BDB91623636865003E69F2 /* DetailRow.swift in Sources */,
				F64495E72360D66400C9BB1F /* SceneDelegate.swift in Sources */,
				F64495E92360D66400C9BB1F /* ContentView.swift in Sources */,
				F644960C2360EAD000C9BB1F /* APICall.swift in Sources */,
				F64496122361BB4900C9BB1F /* DIContainer.swift in Sources */,
				F644960A2360E4A300C9BB1F /* TypeAliases.swift in Sources */,
				F6218DB42363051D00917938 /* CountryDetails.swift in Sources */,
				F62822B4236478DE00823BA1 /* ModalDetailsView.swift in Sources */,
				F6BDB91823637C5F003E69F2 /* ActivityIndicatorView.swift in Sources */,
				F64496082360DFB700C9BB1F /* Country.swift in Sources */,
				F64496032360D8EB00C9BB1F /* Loadable.swift in Sources */,
				F6BDB91A236382E7003E69F2 /* SVGImageView.swift in Sources */,
				F644960E2360EF6C00C9BB1F /* Service.swift in Sources */,
				F64496002360D8B000C9BB1F /* CountriesService.swift in Sources */,
				F6218DB02361F5E700917938 /* CancelBag.swift in Sources */,
				F64495FD2360D81F00C9BB1F /* AppState.swift in Sources */,
			);
			runOnlyForDeploymentPostprocessing = 0;
		};
/* End PBXSourcesBuildPhase section */

/* Begin PBXVariantGroup section */
		F64495EF2360D66700C9BB1F /* LaunchScreen.storyboard */ = {
			isa = PBXVariantGroup;
			children = (
				F64495F02360D66700C9BB1F /* Base */,
			);
			name = LaunchScreen.storyboard;
			sourceTree = "<group>";
		};
/* End PBXVariantGroup section */

/* Begin XCBuildConfiguration section */
		F64495F32360D66700C9BB1F /* Debug */ = {
			isa = XCBuildConfiguration;
			buildSettings = {
				ALWAYS_SEARCH_USER_PATHS = NO;
				CLANG_ANALYZER_NONNULL = YES;
				CLANG_ANALYZER_NUMBER_OBJECT_CONVERSION = YES_AGGRESSIVE;
				CLANG_CXX_LANGUAGE_STANDARD = "gnu++14";
				CLANG_CXX_LIBRARY = "libc++";
				CLANG_ENABLE_MODULES = YES;
				CLANG_ENABLE_OBJC_ARC = YES;
				CLANG_ENABLE_OBJC_WEAK = YES;
				CLANG_WARN_BLOCK_CAPTURE_AUTORELEASING = YES;
				CLANG_WARN_BOOL_CONVERSION = YES;
				CLANG_WARN_COMMA = YES;
				CLANG_WARN_CONSTANT_CONVERSION = YES;
				CLANG_WARN_DEPRECATED_OBJC_IMPLEMENTATIONS = YES;
				CLANG_WARN_DIRECT_OBJC_ISA_USAGE = YES_ERROR;
				CLANG_WARN_DOCUMENTATION_COMMENTS = YES;
				CLANG_WARN_EMPTY_BODY = YES;
				CLANG_WARN_ENUM_CONVERSION = YES;
				CLANG_WARN_INFINITE_RECURSION = YES;
				CLANG_WARN_INT_CONVERSION = YES;
				CLANG_WARN_NON_LITERAL_NULL_CONVERSION = YES;
				CLANG_WARN_OBJC_IMPLICIT_RETAIN_SELF = YES;
				CLANG_WARN_OBJC_LITERAL_CONVERSION = YES;
				CLANG_WARN_OBJC_ROOT_CLASS = YES_ERROR;
				CLANG_WARN_RANGE_LOOP_ANALYSIS = YES;
				CLANG_WARN_STRICT_PROTOTYPES = YES;
				CLANG_WARN_SUSPICIOUS_MOVE = YES;
				CLANG_WARN_UNGUARDED_AVAILABILITY = YES_AGGRESSIVE;
				CLANG_WARN_UNREACHABLE_CODE = YES;
				CLANG_WARN__DUPLICATE_METHOD_MATCH = YES;
				COPY_PHASE_STRIP = NO;
				DEBUG_INFORMATION_FORMAT = dwarf;
				ENABLE_STRICT_OBJC_MSGSEND = YES;
				ENABLE_TESTABILITY = YES;
				GCC_C_LANGUAGE_STANDARD = gnu11;
				GCC_DYNAMIC_NO_PIC = NO;
				GCC_NO_COMMON_BLOCKS = YES;
				GCC_OPTIMIZATION_LEVEL = 0;
				GCC_PREPROCESSOR_DEFINITIONS = (
					"DEBUG=1",
					"$(inherited)",
				);
				GCC_WARN_64_TO_32_BIT_CONVERSION = YES;
				GCC_WARN_ABOUT_RETURN_TYPE = YES_ERROR;
				GCC_WARN_UNDECLARED_SELECTOR = YES;
				GCC_WARN_UNINITIALIZED_AUTOS = YES_AGGRESSIVE;
				GCC_WARN_UNUSED_FUNCTION = YES;
				GCC_WARN_UNUSED_VARIABLE = YES;
				IPHONEOS_DEPLOYMENT_TARGET = 13.1;
				MTL_ENABLE_DEBUG_INFO = INCLUDE_SOURCE;
				MTL_FAST_MATH = YES;
				ONLY_ACTIVE_ARCH = YES;
				SDKROOT = iphoneos;
				SWIFT_ACTIVE_COMPILATION_CONDITIONS = DEBUG;
				SWIFT_OPTIMIZATION_LEVEL = "-Onone";
			};
			name = Debug;
		};
		F64495F42360D66700C9BB1F /* Release */ = {
			isa = XCBuildConfiguration;
			buildSettings = {
				ALWAYS_SEARCH_USER_PATHS = NO;
				CLANG_ANALYZER_NONNULL = YES;
				CLANG_ANALYZER_NUMBER_OBJECT_CONVERSION = YES_AGGRESSIVE;
				CLANG_CXX_LANGUAGE_STANDARD = "gnu++14";
				CLANG_CXX_LIBRARY = "libc++";
				CLANG_ENABLE_MODULES = YES;
				CLANG_ENABLE_OBJC_ARC = YES;
				CLANG_ENABLE_OBJC_WEAK = YES;
				CLANG_WARN_BLOCK_CAPTURE_AUTORELEASING = YES;
				CLANG_WARN_BOOL_CONVERSION = YES;
				CLANG_WARN_COMMA = YES;
				CLANG_WARN_CONSTANT_CONVERSION = YES;
				CLANG_WARN_DEPRECATED_OBJC_IMPLEMENTATIONS = YES;
				CLANG_WARN_DIRECT_OBJC_ISA_USAGE = YES_ERROR;
				CLANG_WARN_DOCUMENTATION_COMMENTS = YES;
				CLANG_WARN_EMPTY_BODY = YES;
				CLANG_WARN_ENUM_CONVERSION = YES;
				CLANG_WARN_INFINITE_RECURSION = YES;
				CLANG_WARN_INT_CONVERSION = YES;
				CLANG_WARN_NON_LITERAL_NULL_CONVERSION = YES;
				CLANG_WARN_OBJC_IMPLICIT_RETAIN_SELF = YES;
				CLANG_WARN_OBJC_LITERAL_CONVERSION = YES;
				CLANG_WARN_OBJC_ROOT_CLASS = YES_ERROR;
				CLANG_WARN_RANGE_LOOP_ANALYSIS = YES;
				CLANG_WARN_STRICT_PROTOTYPES = YES;
				CLANG_WARN_SUSPICIOUS_MOVE = YES;
				CLANG_WARN_UNGUARDED_AVAILABILITY = YES_AGGRESSIVE;
				CLANG_WARN_UNREACHABLE_CODE = YES;
				CLANG_WARN__DUPLICATE_METHOD_MATCH = YES;
				COPY_PHASE_STRIP = NO;
				DEBUG_INFORMATION_FORMAT = "dwarf-with-dsym";
				ENABLE_NS_ASSERTIONS = NO;
				ENABLE_STRICT_OBJC_MSGSEND = YES;
				GCC_C_LANGUAGE_STANDARD = gnu11;
				GCC_NO_COMMON_BLOCKS = YES;
				GCC_WARN_64_TO_32_BIT_CONVERSION = YES;
				GCC_WARN_ABOUT_RETURN_TYPE = YES_ERROR;
				GCC_WARN_UNDECLARED_SELECTOR = YES;
				GCC_WARN_UNINITIALIZED_AUTOS = YES_AGGRESSIVE;
				GCC_WARN_UNUSED_FUNCTION = YES;
				GCC_WARN_UNUSED_VARIABLE = YES;
				IPHONEOS_DEPLOYMENT_TARGET = 13.1;
				MTL_ENABLE_DEBUG_INFO = NO;
				MTL_FAST_MATH = YES;
				SDKROOT = iphoneos;
				SWIFT_COMPILATION_MODE = wholemodule;
				SWIFT_OPTIMIZATION_LEVEL = "-O";
				VALIDATE_PRODUCT = YES;
			};
			name = Release;
		};
		F64495F62360D66700C9BB1F /* Debug */ = {
			isa = XCBuildConfiguration;
			buildSettings = {
				ASSETCATALOG_COMPILER_APPICON_NAME = AppIcon;
				CODE_SIGN_STYLE = Automatic;
				DEVELOPMENT_ASSET_PATHS = "\"CountriesSwiftUI/Resources\"";
				DEVELOPMENT_TEAM = J6H9A24BCA;
				ENABLE_PREVIEWS = YES;
				INFOPLIST_FILE = CountriesSwiftUI/Resources/Info.plist;
				LD_RUNPATH_SEARCH_PATHS = (
					"$(inherited)",
					"@executable_path/Frameworks",
				);
				PRODUCT_BUNDLE_IDENTIFIER = com.countries.swiftui.CountriesSwiftUI;
				PRODUCT_NAME = "$(TARGET_NAME)";
				SWIFT_VERSION = 5.0;
				TARGETED_DEVICE_FAMILY = "1,2";
			};
			name = Debug;
		};
		F64495F72360D66700C9BB1F /* Release */ = {
			isa = XCBuildConfiguration;
			buildSettings = {
				ASSETCATALOG_COMPILER_APPICON_NAME = AppIcon;
				CODE_SIGN_STYLE = Automatic;
				DEVELOPMENT_ASSET_PATHS = "\"CountriesSwiftUI/Resources\"";
				DEVELOPMENT_TEAM = J6H9A24BCA;
				ENABLE_PREVIEWS = YES;
				INFOPLIST_FILE = CountriesSwiftUI/Resources/Info.plist;
				LD_RUNPATH_SEARCH_PATHS = (
					"$(inherited)",
					"@executable_path/Frameworks",
				);
				PRODUCT_BUNDLE_IDENTIFIER = com.countries.swiftui.CountriesSwiftUI;
				PRODUCT_NAME = "$(TARGET_NAME)";
				SWIFT_VERSION = 5.0;
				TARGETED_DEVICE_FAMILY = "1,2";
			};
			name = Release;
		};
/* End XCBuildConfiguration section */

/* Begin XCConfigurationList section */
		F64495DC2360D66400C9BB1F /* Build configuration list for PBXProject "CountriesSwiftUI" */ = {
			isa = XCConfigurationList;
			buildConfigurations = (
				F64495F32360D66700C9BB1F /* Debug */,
				F64495F42360D66700C9BB1F /* Release */,
			);
			defaultConfigurationIsVisible = 0;
			defaultConfigurationName = Release;
		};
		F64495F52360D66700C9BB1F /* Build configuration list for PBXNativeTarget "CountriesSwiftUI" */ = {
			isa = XCConfigurationList;
			buildConfigurations = (
				F64495F62360D66700C9BB1F /* Debug */,
				F64495F72360D66700C9BB1F /* Release */,
			);
			defaultConfigurationIsVisible = 0;
			defaultConfigurationName = Release;
		};
/* End XCConfigurationList section */
	};
	rootObject = F64495D92360D66400C9BB1F /* Project object */;
}
