// !$*UTF8*$!
{
	archiveVersion = 1;
	classes = {
	};
	objectVersion = 52;
	objects = {

/* Begin PBXBuildFile section */
		52333A932654463B0034072B /* UIOpenURLContext_Init.m in Sources */ = {isa = PBXBuildFile; fileRef = 52333A922654463B0034072B /* UIOpenURLContext_Init.m */; };
		F60829712369CE0100DB292E /* RequestMocking.swift in Sources */ = {isa = PBXBuildFile; fileRef = F60829702369CE0100DB292E /* RequestMocking.swift */; };
		F60829732369CE5300DB292E /* MockedResponse.swift in Sources */ = {isa = PBXBuildFile; fileRef = F60829722369CE5300DB292E /* MockedResponse.swift */; };
		F60829762369D58A00DB292E /* CountriesWebRepositoryTests.swift in Sources */ = {isa = PBXBuildFile; fileRef = F60829752369D58A00DB292E /* CountriesWebRepositoryTests.swift */; };
		F60829782369DCD200DB292E /* TestHelpers.swift in Sources */ = {isa = PBXBuildFile; fileRef = F60829772369DCD200DB292E /* TestHelpers.swift */; };
		F60B5E3D2438DA47009BCBB3 /* CancelBag.swift in Sources */ = {isa = PBXBuildFile; fileRef = F60B5E3C2438DA47009BCBB3 /* CancelBag.swift */; };
		F60B5E3F2438DA57009BCBB3 /* Store.swift in Sources */ = {isa = PBXBuildFile; fileRef = F60B5E3E2438DA57009BCBB3 /* Store.swift */; };
		F60B5E412438DAF6009BCBB3 /* NetworkingHelpers.swift in Sources */ = {isa = PBXBuildFile; fileRef = F60B5E402438DAF6009BCBB3 /* NetworkingHelpers.swift */; };
		F60CC503236C3CA8007E84B2 /* CountriesListTests.swift in Sources */ = {isa = PBXBuildFile; fileRef = F60CC502236C3CA8007E84B2 /* CountriesListTests.swift */; };
		F60CC507236C5CFA007E84B2 /* CountryDetailsTests.swift in Sources */ = {isa = PBXBuildFile; fileRef = F60CC506236C5CFA007E84B2 /* CountryDetailsTests.swift */; };
		F60CC509236C6084007E84B2 /* ViewPreviewsTests.swift in Sources */ = {isa = PBXBuildFile; fileRef = F60CC508236C6084007E84B2 /* ViewPreviewsTests.swift */; };
		F60CC50B236C622C007E84B2 /* ModalDetailsViewTests.swift in Sources */ = {isa = PBXBuildFile; fileRef = F60CC50A236C622C007E84B2 /* ModalDetailsViewTests.swift */; };
		F6218DB22362FD3100917938 /* CountryCell.swift in Sources */ = {isa = PBXBuildFile; fileRef = F6218DB12362FD3100917938 /* CountryCell.swift */; };
		F6218DB42363051D00917938 /* CountryDetails.swift in Sources */ = {isa = PBXBuildFile; fileRef = F6218DB32363051D00917938 /* CountryDetails.swift */; };
		F6218DB623634D4100917938 /* ErrorView.swift in Sources */ = {isa = PBXBuildFile; fileRef = F6218DB523634D4100917938 /* ErrorView.swift */; };
		F6238A91244337D400DD30EA /* CoreDataHelpers.swift in Sources */ = {isa = PBXBuildFile; fileRef = F6238A90244337D400DD30EA /* CoreDataHelpers.swift */; };
		F6238A952444627D00DD30EA /* CountriesDBRepository.swift in Sources */ = {isa = PBXBuildFile; fileRef = F6238A942444627D00DD30EA /* CountriesDBRepository.swift */; };
		F6238A9624449DC200DD30EA /* db_model_v1.xcdatamodeld in Sources */ = {isa = PBXBuildFile; fileRef = F633BA5024432ACE00402237 /* db_model_v1.xcdatamodeld */; };
		F62822B4236478DE00823BA1 /* ModalDetailsView.swift in Sources */ = {isa = PBXBuildFile; fileRef = F62822B3236478DE00823BA1 /* ModalDetailsView.swift */; };
		F64495E52360D66400C9BB1F /* AppDelegate.swift in Sources */ = {isa = PBXBuildFile; fileRef = F64495E42360D66400C9BB1F /* AppDelegate.swift */; };
		F64495E72360D66400C9BB1F /* SceneDelegate.swift in Sources */ = {isa = PBXBuildFile; fileRef = F64495E62360D66400C9BB1F /* SceneDelegate.swift */; };
		F64495E92360D66400C9BB1F /* ContentView.swift in Sources */ = {isa = PBXBuildFile; fileRef = F64495E82360D66400C9BB1F /* ContentView.swift */; };
		F64495EB2360D66700C9BB1F /* Assets.xcassets in Resources */ = {isa = PBXBuildFile; fileRef = F64495EA2360D66700C9BB1F /* Assets.xcassets */; };
		F64495EE2360D66700C9BB1F /* Preview Assets.xcassets in Resources */ = {isa = PBXBuildFile; fileRef = F64495ED2360D66700C9BB1F /* Preview Assets.xcassets */; };
		F64495F12360D66700C9BB1F /* LaunchScreen.storyboard in Resources */ = {isa = PBXBuildFile; fileRef = F64495EF2360D66700C9BB1F /* LaunchScreen.storyboard */; };
		F64495FD2360D81F00C9BB1F /* AppState.swift in Sources */ = {isa = PBXBuildFile; fileRef = F64495FC2360D81F00C9BB1F /* AppState.swift */; };
		F64496002360D8B000C9BB1F /* CountriesInteractor.swift in Sources */ = {isa = PBXBuildFile; fileRef = F64495FF2360D8B000C9BB1F /* CountriesInteractor.swift */; };
		F64496032360D8EB00C9BB1F /* Loadable.swift in Sources */ = {isa = PBXBuildFile; fileRef = F64496022360D8EB00C9BB1F /* Loadable.swift */; };
		F64496082360DFB700C9BB1F /* Models.swift in Sources */ = {isa = PBXBuildFile; fileRef = F64496072360DFB700C9BB1F /* Models.swift */; };
		F644960C2360EAD000C9BB1F /* APICall.swift in Sources */ = {isa = PBXBuildFile; fileRef = F644960B2360EAD000C9BB1F /* APICall.swift */; };
		F644960E2360EF6C00C9BB1F /* WebRepository.swift in Sources */ = {isa = PBXBuildFile; fileRef = F644960D2360EF6C00C9BB1F /* WebRepository.swift */; };
		F64496102361B64700C9BB1F /* CountriesList.swift in Sources */ = {isa = PBXBuildFile; fileRef = F644960F2361B64700C9BB1F /* CountriesList.swift */; };
		F64496122361BB4900C9BB1F /* InteractorsContainer.swift in Sources */ = {isa = PBXBuildFile; fileRef = F64496112361BB4900C9BB1F /* InteractorsContainer.swift */; };
		F6500B4A23C8F2AC0086FD70 /* DeepLinkUITests.swift in Sources */ = {isa = PBXBuildFile; fileRef = F6500B4923C8F2AC0086FD70 /* DeepLinkUITests.swift */; };
		F661F2B6237734FA0014E142 /* AppEnvironment.swift in Sources */ = {isa = PBXBuildFile; fileRef = F661F2B5237734FA0014E142 /* AppEnvironment.swift */; };
		F661F2B8237738CE0014E142 /* RootViewModifier.swift in Sources */ = {isa = PBXBuildFile; fileRef = F661F2B7237738CE0014E142 /* RootViewModifier.swift */; };
		F661F2BC237757040014E142 /* ImageWebRepositoryTests.swift in Sources */ = {isa = PBXBuildFile; fileRef = F661F2BB237757040014E142 /* ImageWebRepositoryTests.swift */; };
		F661F2C5237772CE0014E142 /* ImagesInteractorTests.swift in Sources */ = {isa = PBXBuildFile; fileRef = F661F2C4237772CE0014E142 /* ImagesInteractorTests.swift */; };
		F661F2CA23777D440014E142 /* ImageViewTests.swift in Sources */ = {isa = PBXBuildFile; fileRef = F661F2C923777D440014E142 /* ImageViewTests.swift */; };
		F661F2CC23783E360014E142 /* Helpers.swift in Sources */ = {isa = PBXBuildFile; fileRef = F661F2CB23783E360014E142 /* Helpers.swift */; };
		F6621FE9244B3DE100DC583F /* MockedDBRepositories.swift in Sources */ = {isa = PBXBuildFile; fileRef = F6621FE7244B324200DC583F /* MockedDBRepositories.swift */; };
		F66EDB6823F1599F00A01B9F /* Localizable.strings in Resources */ = {isa = PBXBuildFile; fileRef = F66EDB6A23F1599F00A01B9F /* Localizable.strings */; };
		F67451F5243A4CC200A4B498 /* RootViewAppearanceTests.swift in Sources */ = {isa = PBXBuildFile; fileRef = F67451F4243A4CC200A4B498 /* RootViewAppearanceTests.swift */; };
		F674964A244B059A00E1D76B /* LazyList.swift in Sources */ = {isa = PBXBuildFile; fileRef = F6749649244B059A00E1D76B /* LazyList.swift */; };
		F67B3B1F244B667B00DA7FA6 /* LazyListTests.swift in Sources */ = {isa = PBXBuildFile; fileRef = F67B3B1E244B667B00DA7FA6 /* LazyListTests.swift */; };
		F67B3B22244C5B8700DA7FA6 /* CoreDataStackTests.swift in Sources */ = {isa = PBXBuildFile; fileRef = F67B3B21244C5B8700DA7FA6 /* CoreDataStackTests.swift */; };
		F67D1272244C7AA2006A8CC4 /* CountriesDBRepositoryTests.swift in Sources */ = {isa = PBXBuildFile; fileRef = F67D1271244C7AA2006A8CC4 /* CountriesDBRepositoryTests.swift */; };
		F67D1274244CA019006A8CC4 /* MockedPersistentStore.swift in Sources */ = {isa = PBXBuildFile; fileRef = F67D1273244CA019006A8CC4 /* MockedPersistentStore.swift */; };
		F67DBD5223663BCD00C83258 /* SystemEventsHandler.swift in Sources */ = {isa = PBXBuildFile; fileRef = F67DBD5123663BCD00C83258 /* SystemEventsHandler.swift */; };
		F67DBD542366E2E200C83258 /* DependencyInjector.swift in Sources */ = {isa = PBXBuildFile; fileRef = F67DBD532366E2E200C83258 /* DependencyInjector.swift */; };
		F67DBD652368875A00C83258 /* CountriesWebRepository.swift in Sources */ = {isa = PBXBuildFile; fileRef = F67DBD642368875A00C83258 /* CountriesWebRepository.swift */; };
		F67F62B324430AE800A6ED11 /* CoreDataStack.swift in Sources */ = {isa = PBXBuildFile; fileRef = F67F62B224430AE800A6ED11 /* CoreDataStack.swift */; };
		F67F62B52443276000A6ED11 /* Models+CoreData.swift in Sources */ = {isa = PBXBuildFile; fileRef = F67F62B42443276000A6ED11 /* Models+CoreData.swift */; };
		F6863E462364FCC800E9B227 /* MockedData.swift in Sources */ = {isa = PBXBuildFile; fileRef = F6863E452364FCC800E9B227 /* MockedData.swift */; };
		F68B530523743D8600D6337C /* MockedInteractors.swift in Sources */ = {isa = PBXBuildFile; fileRef = F68B530423743D8600D6337C /* MockedInteractors.swift */; };
		F68B5308237441AD00D6337C /* Mock.swift in Sources */ = {isa = PBXBuildFile; fileRef = F68B5307237441AD00D6337C /* Mock.swift */; };
		F68B530A2376EE8C00D6337C /* ImageWebRepository.swift in Sources */ = {isa = PBXBuildFile; fileRef = F68B53092376EE8C00D6337C /* ImageWebRepository.swift */; };
		F68B530C23771A9400D6337C /* ImagesInteractor.swift in Sources */ = {isa = PBXBuildFile; fileRef = F68B530B23771A9400D6337C /* ImagesInteractor.swift */; };
		F695DF8624559F8D00A65A04 /* PushNotificationsHandler.swift in Sources */ = {isa = PBXBuildFile; fileRef = F695DF8524559F8D00A65A04 /* PushNotificationsHandler.swift */; };
		F695DF892455AD9300A65A04 /* DeepLinksHandler.swift in Sources */ = {isa = PBXBuildFile; fileRef = F695DF872455A28200A65A04 /* DeepLinksHandler.swift */; };
		F695DF8B2455B04100A65A04 /* UserPermissionsInteractor.swift in Sources */ = {isa = PBXBuildFile; fileRef = F695DF8A2455B04100A65A04 /* UserPermissionsInteractor.swift */; };
		F695DF8D2455D36900A65A04 /* PushTokenWebRepository.swift in Sources */ = {isa = PBXBuildFile; fileRef = F695DF8C2455D36900A65A04 /* PushTokenWebRepository.swift */; };
		F695DF8F2455DEDE00A65A04 /* MockedSystemEventsHandler.swift in Sources */ = {isa = PBXBuildFile; fileRef = F695DF8E2455DEDE00A65A04 /* MockedSystemEventsHandler.swift */; };
		F695DF932455F09100A65A04 /* AppDelegateTests.swift in Sources */ = {isa = PBXBuildFile; fileRef = F695DF922455F09100A65A04 /* AppDelegateTests.swift */; };
		F695DF952455F2BB00A65A04 /* SceneDelegateTests.swift in Sources */ = {isa = PBXBuildFile; fileRef = F695DF942455F2BB00A65A04 /* SceneDelegateTests.swift */; };
		F695DF972455F4CB00A65A04 /* PushNotificationsHandlerTests.swift in Sources */ = {isa = PBXBuildFile; fileRef = F695DF962455F4CB00A65A04 /* PushNotificationsHandlerTests.swift */; };
		F695DF992456111300A65A04 /* DeepLinksHandlerTests.swift in Sources */ = {isa = PBXBuildFile; fileRef = F695DF982456111300A65A04 /* DeepLinksHandlerTests.swift */; };
		F6B6212423B52AE600CD00C7 /* ViewInspector in Frameworks */ = {isa = PBXBuildFile; productRef = F6B6212323B52AE600CD00C7 /* ViewInspector */; };
		F6B8832124561C5E00EA4067 /* PushTokenWebRepositoryTests.swift in Sources */ = {isa = PBXBuildFile; fileRef = F6B8832024561C5E00EA4067 /* PushTokenWebRepositoryTests.swift */; };
		F6B8832324561DDB00EA4067 /* UserPermissionsInteractorTests.swift in Sources */ = {isa = PBXBuildFile; fileRef = F6B8832224561DDB00EA4067 /* UserPermissionsInteractorTests.swift */; };
		F6B883252456326D00EA4067 /* HelpersTests.swift in Sources */ = {isa = PBXBuildFile; fileRef = F6B883242456326D00EA4067 /* HelpersTests.swift */; };
		F6BDB91623636865003E69F2 /* DetailRow.swift in Sources */ = {isa = PBXBuildFile; fileRef = F6BDB91523636865003E69F2 /* DetailRow.swift */; };
		F6BDB91823637C5F003E69F2 /* ActivityIndicatorView.swift in Sources */ = {isa = PBXBuildFile; fileRef = F6BDB91723637C5F003E69F2 /* ActivityIndicatorView.swift */; };
		F6BDB91A236382E7003E69F2 /* ImageView.swift in Sources */ = {isa = PBXBuildFile; fileRef = F6BDB919236382E7003E69F2 /* ImageView.swift */; };
		F6C1F9D723CE3034005A98C8 /* SearchBar.swift in Sources */ = {isa = PBXBuildFile; fileRef = F6C1F9D623CE3034005A98C8 /* SearchBar.swift */; };
		F6E7ACE223F5D1EC00AB48AB /* EnvironmentOverrides in Frameworks */ = {isa = PBXBuildFile; productRef = F6E7ACE123F5D1EC00AB48AB /* EnvironmentOverrides */; };
		F6E7ACE523F83BEB00AB48AB /* ContentViewTests.swift in Sources */ = {isa = PBXBuildFile; fileRef = F6E7ACE423F83BEB00AB48AB /* ContentViewTests.swift */; };
		F6F003AF236A290E00AAC7C6 /* WebRepositoryTests.swift in Sources */ = {isa = PBXBuildFile; fileRef = F6F003AE236A290E00AAC7C6 /* WebRepositoryTests.swift */; };
		F6F003B1236AF31400AAC7C6 /* SystemEventsHandlerTests.swift in Sources */ = {isa = PBXBuildFile; fileRef = F6F003B0236AF31400AAC7C6 /* SystemEventsHandlerTests.swift */; };
		F6F003B3236AF9F100AAC7C6 /* LoadableTests.swift in Sources */ = {isa = PBXBuildFile; fileRef = F6F003B2236AF9F100AAC7C6 /* LoadableTests.swift */; };
		F6F003B6236B036800AAC7C6 /* CountriesInteractorTests.swift in Sources */ = {isa = PBXBuildFile; fileRef = F6F003B5236B036800AAC7C6 /* CountriesInteractorTests.swift */; };
		F6F003B8236B04B400AAC7C6 /* MockedWebRepositories.swift in Sources */ = {isa = PBXBuildFile; fileRef = F6F003B7236B04B400AAC7C6 /* MockedWebRepositories.swift */; };
		F6F606A823CF25EC00F36F5D /* SearchBarTests.swift in Sources */ = {isa = PBXBuildFile; fileRef = F6F606A723CF25EC00F36F5D /* SearchBarTests.swift */; };
/* End PBXBuildFile section */

/* Begin PBXContainerItemProxy section */
		F67833D72369CCBD0065272F /* PBXContainerItemProxy */ = {
			isa = PBXContainerItemProxy;
			containerPortal = F64495D92360D66400C9BB1F /* Project object */;
			proxyType = 1;
			remoteGlobalIDString = F64495E02360D66400C9BB1F;
			remoteInfo = CountriesSwiftUI;
		};
/* End PBXContainerItemProxy section */

/* Begin PBXFileReference section */
		52333A90265445F30034072B /* UnitTests-Bridging-Header.h */ = {isa = PBXFileReference; lastKnownFileType = sourcecode.c.h; path = "UnitTests-Bridging-Header.h"; sourceTree = "<group>"; };
		52333A91265445F30034072B /* UIOpenURLContext_Init.h */ = {isa = PBXFileReference; lastKnownFileType = sourcecode.c.h; path = UIOpenURLContext_Init.h; sourceTree = "<group>"; };
		52333A922654463B0034072B /* UIOpenURLContext_Init.m */ = {isa = PBXFileReference; lastKnownFileType = sourcecode.c.objc; path = UIOpenURLContext_Init.m; sourceTree = "<group>"; };
		F60829702369CE0100DB292E /* RequestMocking.swift */ = {isa = PBXFileReference; fileEncoding = 4; lastKnownFileType = sourcecode.swift; path = RequestMocking.swift; sourceTree = "<group>"; };
		F60829722369CE5300DB292E /* MockedResponse.swift */ = {isa = PBXFileReference; lastKnownFileType = sourcecode.swift; path = MockedResponse.swift; sourceTree = "<group>"; };
		F60829752369D58A00DB292E /* CountriesWebRepositoryTests.swift */ = {isa = PBXFileReference; lastKnownFileType = sourcecode.swift; path = CountriesWebRepositoryTests.swift; sourceTree = "<group>"; };
		F60829772369DCD200DB292E /* TestHelpers.swift */ = {isa = PBXFileReference; lastKnownFileType = sourcecode.swift; path = TestHelpers.swift; sourceTree = "<group>"; };
		F60B5E3C2438DA47009BCBB3 /* CancelBag.swift */ = {isa = PBXFileReference; lastKnownFileType = sourcecode.swift; path = CancelBag.swift; sourceTree = "<group>"; };
		F60B5E3E2438DA57009BCBB3 /* Store.swift */ = {isa = PBXFileReference; lastKnownFileType = sourcecode.swift; path = Store.swift; sourceTree = "<group>"; };
		F60B5E402438DAF6009BCBB3 /* NetworkingHelpers.swift */ = {isa = PBXFileReference; lastKnownFileType = sourcecode.swift; path = NetworkingHelpers.swift; sourceTree = "<group>"; };
		F60CC502236C3CA8007E84B2 /* CountriesListTests.swift */ = {isa = PBXFileReference; lastKnownFileType = sourcecode.swift; path = CountriesListTests.swift; sourceTree = "<group>"; };
		F60CC506236C5CFA007E84B2 /* CountryDetailsTests.swift */ = {isa = PBXFileReference; lastKnownFileType = sourcecode.swift; path = CountryDetailsTests.swift; sourceTree = "<group>"; };
		F60CC508236C6084007E84B2 /* ViewPreviewsTests.swift */ = {isa = PBXFileReference; lastKnownFileType = sourcecode.swift; path = ViewPreviewsTests.swift; sourceTree = "<group>"; };
		F60CC50A236C622C007E84B2 /* ModalDetailsViewTests.swift */ = {isa = PBXFileReference; lastKnownFileType = sourcecode.swift; path = ModalDetailsViewTests.swift; sourceTree = "<group>"; };
		F6218DB12362FD3100917938 /* CountryCell.swift */ = {isa = PBXFileReference; lastKnownFileType = sourcecode.swift; path = CountryCell.swift; sourceTree = "<group>"; };
		F6218DB32363051D00917938 /* CountryDetails.swift */ = {isa = PBXFileReference; lastKnownFileType = sourcecode.swift; path = CountryDetails.swift; sourceTree = "<group>"; };
		F6218DB523634D4100917938 /* ErrorView.swift */ = {isa = PBXFileReference; lastKnownFileType = sourcecode.swift; path = ErrorView.swift; sourceTree = "<group>"; };
		F6238A90244337D400DD30EA /* CoreDataHelpers.swift */ = {isa = PBXFileReference; lastKnownFileType = sourcecode.swift; path = CoreDataHelpers.swift; sourceTree = "<group>"; };
		F6238A942444627D00DD30EA /* CountriesDBRepository.swift */ = {isa = PBXFileReference; lastKnownFileType = sourcecode.swift; path = CountriesDBRepository.swift; sourceTree = "<group>"; };
		F62822B3236478DE00823BA1 /* ModalDetailsView.swift */ = {isa = PBXFileReference; lastKnownFileType = sourcecode.swift; path = ModalDetailsView.swift; sourceTree = "<group>"; };
		F633BA5124432ACE00402237 /* db_model_v1.xcdatamodel */ = {isa = PBXFileReference; lastKnownFileType = wrapper.xcdatamodel; path = db_model_v1.xcdatamodel; sourceTree = "<group>"; };
		F64495E12360D66400C9BB1F /* CountriesSwiftUI.app */ = {isa = PBXFileReference; explicitFileType = wrapper.application; includeInIndex = 0; path = CountriesSwiftUI.app; sourceTree = BUILT_PRODUCTS_DIR; };
		F64495E42360D66400C9BB1F /* AppDelegate.swift */ = {isa = PBXFileReference; lastKnownFileType = sourcecode.swift; path = AppDelegate.swift; sourceTree = "<group>"; };
		F64495E62360D66400C9BB1F /* SceneDelegate.swift */ = {isa = PBXFileReference; lastKnownFileType = sourcecode.swift; path = SceneDelegate.swift; sourceTree = "<group>"; };
		F64495E82360D66400C9BB1F /* ContentView.swift */ = {isa = PBXFileReference; lastKnownFileType = sourcecode.swift; path = ContentView.swift; sourceTree = "<group>"; };
		F64495EA2360D66700C9BB1F /* Assets.xcassets */ = {isa = PBXFileReference; lastKnownFileType = folder.assetcatalog; path = Assets.xcassets; sourceTree = "<group>"; };
		F64495ED2360D66700C9BB1F /* Preview Assets.xcassets */ = {isa = PBXFileReference; lastKnownFileType = folder.assetcatalog; path = "Preview Assets.xcassets"; sourceTree = "<group>"; };
		F64495F22360D66700C9BB1F /* Info.plist */ = {isa = PBXFileReference; lastKnownFileType = text.plist.xml; path = Info.plist; sourceTree = "<group>"; };
		F64495FC2360D81F00C9BB1F /* AppState.swift */ = {isa = PBXFileReference; lastKnownFileType = sourcecode.swift; path = AppState.swift; sourceTree = "<group>"; };
		F64495FF2360D8B000C9BB1F /* CountriesInteractor.swift */ = {isa = PBXFileReference; lastKnownFileType = sourcecode.swift; path = CountriesInteractor.swift; sourceTree = "<group>"; };
		F64496022360D8EB00C9BB1F /* Loadable.swift */ = {isa = PBXFileReference; lastKnownFileType = sourcecode.swift; path = Loadable.swift; sourceTree = "<group>"; };
		F64496072360DFB700C9BB1F /* Models.swift */ = {isa = PBXFileReference; lastKnownFileType = sourcecode.swift; path = Models.swift; sourceTree = "<group>"; };
		F644960B2360EAD000C9BB1F /* APICall.swift */ = {isa = PBXFileReference; lastKnownFileType = sourcecode.swift; path = APICall.swift; sourceTree = "<group>"; };
		F644960D2360EF6C00C9BB1F /* WebRepository.swift */ = {isa = PBXFileReference; lastKnownFileType = sourcecode.swift; path = WebRepository.swift; sourceTree = "<group>"; };
		F644960F2361B64700C9BB1F /* CountriesList.swift */ = {isa = PBXFileReference; lastKnownFileType = sourcecode.swift; path = CountriesList.swift; sourceTree = "<group>"; };
		F64496112361BB4900C9BB1F /* InteractorsContainer.swift */ = {isa = PBXFileReference; lastKnownFileType = sourcecode.swift; path = InteractorsContainer.swift; sourceTree = "<group>"; };
		F6500B4923C8F2AC0086FD70 /* DeepLinkUITests.swift */ = {isa = PBXFileReference; lastKnownFileType = sourcecode.swift; path = DeepLinkUITests.swift; sourceTree = "<group>"; };
		F661F2B5237734FA0014E142 /* AppEnvironment.swift */ = {isa = PBXFileReference; lastKnownFileType = sourcecode.swift; path = AppEnvironment.swift; sourceTree = "<group>"; };
		F661F2B7237738CE0014E142 /* RootViewModifier.swift */ = {isa = PBXFileReference; lastKnownFileType = sourcecode.swift; path = RootViewModifier.swift; sourceTree = "<group>"; };
		F661F2BB237757040014E142 /* ImageWebRepositoryTests.swift */ = {isa = PBXFileReference; lastKnownFileType = sourcecode.swift; path = ImageWebRepositoryTests.swift; sourceTree = "<group>"; };
		F661F2C4237772CE0014E142 /* ImagesInteractorTests.swift */ = {isa = PBXFileReference; lastKnownFileType = sourcecode.swift; path = ImagesInteractorTests.swift; sourceTree = "<group>"; };
		F661F2C923777D440014E142 /* ImageViewTests.swift */ = {isa = PBXFileReference; lastKnownFileType = sourcecode.swift; path = ImageViewTests.swift; sourceTree = "<group>"; };
		F661F2CB23783E360014E142 /* Helpers.swift */ = {isa = PBXFileReference; lastKnownFileType = sourcecode.swift; path = Helpers.swift; sourceTree = "<group>"; };
		F6621FE7244B324200DC583F /* MockedDBRepositories.swift */ = {isa = PBXFileReference; lastKnownFileType = sourcecode.swift; path = MockedDBRepositories.swift; sourceTree = "<group>"; };
		F66EDB6723F1599800A01B9F /* en */ = {isa = PBXFileReference; lastKnownFileType = file.storyboard; name = en; path = en.lproj/LaunchScreen.storyboard; sourceTree = "<group>"; };
		F66EDB6923F1599F00A01B9F /* en */ = {isa = PBXFileReference; lastKnownFileType = text.plist.strings; name = en; path = en.lproj/Localizable.strings; sourceTree = "<group>"; };
		F66EDB6C23F168FF00A01B9F /* fr */ = {isa = PBXFileReference; lastKnownFileType = text.plist.strings; name = fr; path = fr.lproj/Localizable.strings; sourceTree = "<group>"; };
		F66EDB6D23F1691400A01B9F /* es */ = {isa = PBXFileReference; lastKnownFileType = text.plist.strings; name = es; path = es.lproj/Localizable.strings; sourceTree = "<group>"; };
		F66EDB6E23F1692000A01B9F /* ja */ = {isa = PBXFileReference; lastKnownFileType = text.plist.strings; name = ja; path = ja.lproj/Localizable.strings; sourceTree = "<group>"; };
		F67451F4243A4CC200A4B498 /* RootViewAppearanceTests.swift */ = {isa = PBXFileReference; lastKnownFileType = sourcecode.swift; path = RootViewAppearanceTests.swift; sourceTree = "<group>"; };
		F6749649244B059A00E1D76B /* LazyList.swift */ = {isa = PBXFileReference; lastKnownFileType = sourcecode.swift; path = LazyList.swift; sourceTree = "<group>"; };
		F67833D22369CCBD0065272F /* UnitTests.xctest */ = {isa = PBXFileReference; explicitFileType = wrapper.cfbundle; includeInIndex = 0; path = UnitTests.xctest; sourceTree = BUILT_PRODUCTS_DIR; };
		F67833D62369CCBD0065272F /* Info.plist */ = {isa = PBXFileReference; lastKnownFileType = text.plist.xml; path = Info.plist; sourceTree = "<group>"; };
		F67B3B1E244B667B00DA7FA6 /* LazyListTests.swift */ = {isa = PBXFileReference; lastKnownFileType = sourcecode.swift; path = LazyListTests.swift; sourceTree = "<group>"; };
		F67B3B21244C5B8700DA7FA6 /* CoreDataStackTests.swift */ = {isa = PBXFileReference; lastKnownFileType = sourcecode.swift; path = CoreDataStackTests.swift; sourceTree = "<group>"; };
		F67D1271244C7AA2006A8CC4 /* CountriesDBRepositoryTests.swift */ = {isa = PBXFileReference; lastKnownFileType = sourcecode.swift; path = CountriesDBRepositoryTests.swift; sourceTree = "<group>"; };
		F67D1273244CA019006A8CC4 /* MockedPersistentStore.swift */ = {isa = PBXFileReference; lastKnownFileType = sourcecode.swift; path = MockedPersistentStore.swift; sourceTree = "<group>"; };
		F67DBD5123663BCD00C83258 /* SystemEventsHandler.swift */ = {isa = PBXFileReference; lastKnownFileType = sourcecode.swift; path = SystemEventsHandler.swift; sourceTree = "<group>"; };
		F67DBD532366E2E200C83258 /* DependencyInjector.swift */ = {isa = PBXFileReference; lastKnownFileType = sourcecode.swift; path = DependencyInjector.swift; sourceTree = "<group>"; };
		F67DBD642368875A00C83258 /* CountriesWebRepository.swift */ = {isa = PBXFileReference; lastKnownFileType = sourcecode.swift; path = CountriesWebRepository.swift; sourceTree = "<group>"; };
		F67F62B224430AE800A6ED11 /* CoreDataStack.swift */ = {isa = PBXFileReference; lastKnownFileType = sourcecode.swift; path = CoreDataStack.swift; sourceTree = "<group>"; };
		F67F62B42443276000A6ED11 /* Models+CoreData.swift */ = {isa = PBXFileReference; lastKnownFileType = sourcecode.swift; path = "Models+CoreData.swift"; sourceTree = "<group>"; };
		F6863E452364FCC800E9B227 /* MockedData.swift */ = {isa = PBXFileReference; lastKnownFileType = sourcecode.swift; path = MockedData.swift; sourceTree = "<group>"; };
		F6863E4723650E7900E9B227 /* CountriesSwiftUI.entitlements */ = {isa = PBXFileReference; lastKnownFileType = text.plist.entitlements; path = CountriesSwiftUI.entitlements; sourceTree = "<group>"; };
		F68B530423743D8600D6337C /* MockedInteractors.swift */ = {isa = PBXFileReference; lastKnownFileType = sourcecode.swift; path = MockedInteractors.swift; sourceTree = "<group>"; };
		F68B5307237441AD00D6337C /* Mock.swift */ = {isa = PBXFileReference; lastKnownFileType = sourcecode.swift; path = Mock.swift; sourceTree = "<group>"; };
		F68B53092376EE8C00D6337C /* ImageWebRepository.swift */ = {isa = PBXFileReference; lastKnownFileType = sourcecode.swift; path = ImageWebRepository.swift; sourceTree = "<group>"; };
		F68B530B23771A9400D6337C /* ImagesInteractor.swift */ = {isa = PBXFileReference; lastKnownFileType = sourcecode.swift; path = ImagesInteractor.swift; sourceTree = "<group>"; };
		F695DF8524559F8D00A65A04 /* PushNotificationsHandler.swift */ = {isa = PBXFileReference; lastKnownFileType = sourcecode.swift; path = PushNotificationsHandler.swift; sourceTree = "<group>"; };
		F695DF872455A28200A65A04 /* DeepLinksHandler.swift */ = {isa = PBXFileReference; lastKnownFileType = sourcecode.swift; path = DeepLinksHandler.swift; sourceTree = "<group>"; };
		F695DF8A2455B04100A65A04 /* UserPermissionsInteractor.swift */ = {isa = PBXFileReference; lastKnownFileType = sourcecode.swift; path = UserPermissionsInteractor.swift; sourceTree = "<group>"; };
		F695DF8C2455D36900A65A04 /* PushTokenWebRepository.swift */ = {isa = PBXFileReference; lastKnownFileType = sourcecode.swift; path = PushTokenWebRepository.swift; sourceTree = "<group>"; };
		F695DF8E2455DEDE00A65A04 /* MockedSystemEventsHandler.swift */ = {isa = PBXFileReference; lastKnownFileType = sourcecode.swift; path = MockedSystemEventsHandler.swift; sourceTree = "<group>"; };
		F695DF922455F09100A65A04 /* AppDelegateTests.swift */ = {isa = PBXFileReference; lastKnownFileType = sourcecode.swift; path = AppDelegateTests.swift; sourceTree = "<group>"; };
		F695DF942455F2BB00A65A04 /* SceneDelegateTests.swift */ = {isa = PBXFileReference; lastKnownFileType = sourcecode.swift; path = SceneDelegateTests.swift; sourceTree = "<group>"; };
		F695DF962455F4CB00A65A04 /* PushNotificationsHandlerTests.swift */ = {isa = PBXFileReference; lastKnownFileType = sourcecode.swift; path = PushNotificationsHandlerTests.swift; sourceTree = "<group>"; };
		F695DF982456111300A65A04 /* DeepLinksHandlerTests.swift */ = {isa = PBXFileReference; lastKnownFileType = sourcecode.swift; path = DeepLinksHandlerTests.swift; sourceTree = "<group>"; };
		F6B8832024561C5E00EA4067 /* PushTokenWebRepositoryTests.swift */ = {isa = PBXFileReference; lastKnownFileType = sourcecode.swift; path = PushTokenWebRepositoryTests.swift; sourceTree = "<group>"; };
		F6B8832224561DDB00EA4067 /* UserPermissionsInteractorTests.swift */ = {isa = PBXFileReference; lastKnownFileType = sourcecode.swift; path = UserPermissionsInteractorTests.swift; sourceTree = "<group>"; };
		F6B883242456326D00EA4067 /* HelpersTests.swift */ = {isa = PBXFileReference; lastKnownFileType = sourcecode.swift; path = HelpersTests.swift; sourceTree = "<group>"; };
		F6BDB91523636865003E69F2 /* DetailRow.swift */ = {isa = PBXFileReference; lastKnownFileType = sourcecode.swift; path = DetailRow.swift; sourceTree = "<group>"; };
		F6BDB91723637C5F003E69F2 /* ActivityIndicatorView.swift */ = {isa = PBXFileReference; lastKnownFileType = sourcecode.swift; path = ActivityIndicatorView.swift; sourceTree = "<group>"; };
		F6BDB919236382E7003E69F2 /* ImageView.swift */ = {isa = PBXFileReference; lastKnownFileType = sourcecode.swift; path = ImageView.swift; sourceTree = "<group>"; };
		F6C1F9D623CE3034005A98C8 /* SearchBar.swift */ = {isa = PBXFileReference; lastKnownFileType = sourcecode.swift; path = SearchBar.swift; sourceTree = "<group>"; };
		F6E7ACE423F83BEB00AB48AB /* ContentViewTests.swift */ = {isa = PBXFileReference; lastKnownFileType = sourcecode.swift; path = ContentViewTests.swift; sourceTree = "<group>"; };
		F6F003AE236A290E00AAC7C6 /* WebRepositoryTests.swift */ = {isa = PBXFileReference; lastKnownFileType = sourcecode.swift; path = WebRepositoryTests.swift; sourceTree = "<group>"; };
		F6F003B0236AF31400AAC7C6 /* SystemEventsHandlerTests.swift */ = {isa = PBXFileReference; lastKnownFileType = sourcecode.swift; path = SystemEventsHandlerTests.swift; sourceTree = "<group>"; };
		F6F003B2236AF9F100AAC7C6 /* LoadableTests.swift */ = {isa = PBXFileReference; lastKnownFileType = sourcecode.swift; path = LoadableTests.swift; sourceTree = "<group>"; };
		F6F003B5236B036800AAC7C6 /* CountriesInteractorTests.swift */ = {isa = PBXFileReference; lastKnownFileType = sourcecode.swift; path = CountriesInteractorTests.swift; sourceTree = "<group>"; };
		F6F003B7236B04B400AAC7C6 /* MockedWebRepositories.swift */ = {isa = PBXFileReference; lastKnownFileType = sourcecode.swift; path = MockedWebRepositories.swift; sourceTree = "<group>"; };
		F6F606A723CF25EC00F36F5D /* SearchBarTests.swift */ = {isa = PBXFileReference; lastKnownFileType = sourcecode.swift; path = SearchBarTests.swift; sourceTree = "<group>"; };
/* End PBXFileReference section */

/* Begin PBXFrameworksBuildPhase section */
		F64495DE2360D66400C9BB1F /* Frameworks */ = {
			isa = PBXFrameworksBuildPhase;
			buildActionMask = 2147483647;
			files = (
				F6E7ACE223F5D1EC00AB48AB /* EnvironmentOverrides in Frameworks */,
			);
			runOnlyForDeploymentPostprocessing = 0;
		};
		F67833CF2369CCBD0065272F /* Frameworks */ = {
			isa = PBXFrameworksBuildPhase;
			buildActionMask = 2147483647;
			files = (
				F6B6212423B52AE600CD00C7 /* ViewInspector in Frameworks */,
			);
			runOnlyForDeploymentPostprocessing = 0;
		};
/* End PBXFrameworksBuildPhase section */

/* Begin PBXGroup section */
		F60829742369D55700DB292E /* Repositories */ = {
			isa = PBXGroup;
			children = (
				F6F003AE236A290E00AAC7C6 /* WebRepositoryTests.swift */,
				F661F2BB237757040014E142 /* ImageWebRepositoryTests.swift */,
				F60829752369D58A00DB292E /* CountriesWebRepositoryTests.swift */,
				F6B8832024561C5E00EA4067 /* PushTokenWebRepositoryTests.swift */,
				F67D1271244C7AA2006A8CC4 /* CountriesDBRepositoryTests.swift */,
			);
			path = Repositories;
			sourceTree = "<group>";
		};
		F60CC501236C3C80007E84B2 /* UI */ = {
			isa = PBXGroup;
			children = (
				F6E7ACE423F83BEB00AB48AB /* ContentViewTests.swift */,
				F60CC502236C3CA8007E84B2 /* CountriesListTests.swift */,
				F60CC506236C5CFA007E84B2 /* CountryDetailsTests.swift */,
				F6500B4923C8F2AC0086FD70 /* DeepLinkUITests.swift */,
				F60CC50A236C622C007E84B2 /* ModalDetailsViewTests.swift */,
				F67451F4243A4CC200A4B498 /* RootViewAppearanceTests.swift */,
				F661F2C923777D440014E142 /* ImageViewTests.swift */,
				F6F606A723CF25EC00F36F5D /* SearchBarTests.swift */,
				F60CC508236C6084007E84B2 /* ViewPreviewsTests.swift */,
			);
			path = UI;
			sourceTree = "<group>";
		};
		F60CC50E236C8963007E84B2 /* Resources */ = {
			isa = PBXGroup;
			children = (
				F67833D62369CCBD0065272F /* Info.plist */,
			);
			path = Resources;
			sourceTree = "<group>";
		};
		F62822B523647F8300823BA1 /* Screens */ = {
			isa = PBXGroup;
			children = (
				F64495E82360D66400C9BB1F /* ContentView.swift */,
				F644960F2361B64700C9BB1F /* CountriesList.swift */,
				F6218DB32363051D00917938 /* CountryDetails.swift */,
				F62822B3236478DE00823BA1 /* ModalDetailsView.swift */,
			);
			path = Screens;
			sourceTree = "<group>";
		};
		F62822B623647FA700823BA1 /* Components */ = {
			isa = PBXGroup;
			children = (
				F6218DB12362FD3100917938 /* CountryCell.swift */,
				F6BDB91523636865003E69F2 /* DetailRow.swift */,
				F6218DB523634D4100917938 /* ErrorView.swift */,
				F6BDB91723637C5F003E69F2 /* ActivityIndicatorView.swift */,
				F6BDB919236382E7003E69F2 /* ImageView.swift */,
				F6C1F9D623CE3034005A98C8 /* SearchBar.swift */,
			);
			path = Components;
			sourceTree = "<group>";
		};
		F64495D82360D66400C9BB1F = {
			isa = PBXGroup;
			children = (
				F64495E32360D66400C9BB1F /* CountriesSwiftUI */,
				F67833D32369CCBD0065272F /* UnitTests */,
				F64495E22360D66400C9BB1F /* Products */,
			);
			sourceTree = "<group>";
		};
		F64495E22360D66400C9BB1F /* Products */ = {
			isa = PBXGroup;
			children = (
				F64495E12360D66400C9BB1F /* CountriesSwiftUI.app */,
				F67833D22369CCBD0065272F /* UnitTests.xctest */,
			);
			name = Products;
			sourceTree = "<group>";
		};
		F64495E32360D66400C9BB1F /* CountriesSwiftUI */ = {
			isa = PBXGroup;
			children = (
				F67F62AE24422EE900A6ED11 /* Persistence */,
				F64495F82360D67A00C9BB1F /* System */,
				F64496012360D8D800C9BB1F /* Utilities */,
				F64495FB2360D80B00C9BB1F /* Injected */,
				F67DBD632368873500C83258 /* Repositories */,
				F64495FE2360D88D00C9BB1F /* Interactors */,
				F64496062360DFAD00C9BB1F /* Models */,
				F64495F92360D68D00C9BB1F /* UI */,
				F64495FA2360D69600C9BB1F /* Resources */,
			);
			path = CountriesSwiftUI;
			sourceTree = "<group>";
		};
		F64495F82360D67A00C9BB1F /* System */ = {
			isa = PBXGroup;
			children = (
				F64495E42360D66400C9BB1F /* AppDelegate.swift */,
				F64495E62360D66400C9BB1F /* SceneDelegate.swift */,
				F661F2B5237734FA0014E142 /* AppEnvironment.swift */,
				F695DF872455A28200A65A04 /* DeepLinksHandler.swift */,
				F695DF8524559F8D00A65A04 /* PushNotificationsHandler.swift */,
				F67DBD5123663BCD00C83258 /* SystemEventsHandler.swift */,
			);
			path = System;
			sourceTree = "<group>";
		};
		F64495F92360D68D00C9BB1F /* UI */ = {
			isa = PBXGroup;
			children = (
				F661F2B7237738CE0014E142 /* RootViewModifier.swift */,
				F62822B523647F8300823BA1 /* Screens */,
				F62822B623647FA700823BA1 /* Components */,
			);
			path = UI;
			sourceTree = "<group>";
		};
		F64495FA2360D69600C9BB1F /* Resources */ = {
			isa = PBXGroup;
			children = (
				F64495EA2360D66700C9BB1F /* Assets.xcassets */,
				F64495ED2360D66700C9BB1F /* Preview Assets.xcassets */,
				F64495EF2360D66700C9BB1F /* LaunchScreen.storyboard */,
				F64495F22360D66700C9BB1F /* Info.plist */,
				F6863E4723650E7900E9B227 /* CountriesSwiftUI.entitlements */,
				F66EDB6A23F1599F00A01B9F /* Localizable.strings */,
			);
			path = Resources;
			sourceTree = "<group>";
		};
		F64495FB2360D80B00C9BB1F /* Injected */ = {
			isa = PBXGroup;
			children = (
				F64495FC2360D81F00C9BB1F /* AppState.swift */,
				F64496112361BB4900C9BB1F /* InteractorsContainer.swift */,
				F67DBD532366E2E200C83258 /* DependencyInjector.swift */,
			);
			path = Injected;
			sourceTree = "<group>";
		};
		F64495FE2360D88D00C9BB1F /* Interactors */ = {
			isa = PBXGroup;
			children = (
				F64495FF2360D8B000C9BB1F /* CountriesInteractor.swift */,
				F68B530B23771A9400D6337C /* ImagesInteractor.swift */,
				F695DF8A2455B04100A65A04 /* UserPermissionsInteractor.swift */,
			);
			path = Interactors;
			sourceTree = "<group>";
		};
		F64496012360D8D800C9BB1F /* Utilities */ = {
			isa = PBXGroup;
			children = (
				F60B5E3E2438DA57009BCBB3 /* Store.swift */,
				F60B5E3C2438DA47009BCBB3 /* CancelBag.swift */,
				F64496022360D8EB00C9BB1F /* Loadable.swift */,
				F6749649244B059A00E1D76B /* LazyList.swift */,
				F644960B2360EAD000C9BB1F /* APICall.swift */,
				F644960D2360EF6C00C9BB1F /* WebRepository.swift */,
				F60B5E402438DAF6009BCBB3 /* NetworkingHelpers.swift */,
				F661F2CB23783E360014E142 /* Helpers.swift */,
			);
			path = Utilities;
			sourceTree = "<group>";
		};
		F64496062360DFAD00C9BB1F /* Models */ = {
			isa = PBXGroup;
			children = (
				F64496072360DFB700C9BB1F /* Models.swift */,
				F67F62B42443276000A6ED11 /* Models+CoreData.swift */,
				F6863E452364FCC800E9B227 /* MockedData.swift */,
			);
			path = Models;
			sourceTree = "<group>";
		};
		F67833D32369CCBD0065272F /* UnitTests */ = {
			isa = PBXGroup;
			children = (
				F695DF912455EF1400A65A04 /* Persistence */,
				F695DF902455EEE100A65A04 /* System */,
				F67B3B20244C5AF500DA7FA6 /* Utilities */,
				F60829742369D55700DB292E /* Repositories */,
				F6F003B4236B034A00AAC7C6 /* Interactors */,
				F60CC501236C3C80007E84B2 /* UI */,
				F67833DE2369CD020065272F /* Mocks */,
				F68B53062374417200D6337C /* NetworkMocking */,
				F60CC50E236C8963007E84B2 /* Resources */,
				F60829772369DCD200DB292E /* TestHelpers.swift */,
			);
			path = UnitTests;
			sourceTree = "<group>";
		};
		F67833DE2369CD020065272F /* Mocks */ = {
			isa = PBXGroup;
			children = (
				F68B5307237441AD00D6337C /* Mock.swift */,
				F68B530423743D8600D6337C /* MockedInteractors.swift */,
				F6F003B7236B04B400AAC7C6 /* MockedWebRepositories.swift */,
				F6621FE7244B324200DC583F /* MockedDBRepositories.swift */,
				F67D1273244CA019006A8CC4 /* MockedPersistentStore.swift */,
				F695DF8E2455DEDE00A65A04 /* MockedSystemEventsHandler.swift */,
			);
			path = Mocks;
			sourceTree = "<group>";
		};
		F67B3B20244C5AF500DA7FA6 /* Utilities */ = {
			isa = PBXGroup;
			children = (
				F6F003B2236AF9F100AAC7C6 /* LoadableTests.swift */,
				F67B3B1E244B667B00DA7FA6 /* LazyListTests.swift */,
				F6B883242456326D00EA4067 /* HelpersTests.swift */,
			);
			path = Utilities;
			sourceTree = "<group>";
		};
		F67DBD632368873500C83258 /* Repositories */ = {
			isa = PBXGroup;
			children = (
				F6238A942444627D00DD30EA /* CountriesDBRepository.swift */,
				F67DBD642368875A00C83258 /* CountriesWebRepository.swift */,
				F68B53092376EE8C00D6337C /* ImageWebRepository.swift */,
				F695DF8C2455D36900A65A04 /* PushTokenWebRepository.swift */,
			);
			path = Repositories;
			sourceTree = "<group>";
		};
		F67F62AE24422EE900A6ED11 /* Persistence */ = {
			isa = PBXGroup;
			children = (
				F67F62B224430AE800A6ED11 /* CoreDataStack.swift */,
				F6238A90244337D400DD30EA /* CoreDataHelpers.swift */,
				F633BA5024432ACE00402237 /* db_model_v1.xcdatamodeld */,
			);
			path = Persistence;
			sourceTree = "<group>";
		};
		F68B53062374417200D6337C /* NetworkMocking */ = {
			isa = PBXGroup;
			children = (
				F60829722369CE5300DB292E /* MockedResponse.swift */,
				F60829702369CE0100DB292E /* RequestMocking.swift */,
			);
			path = NetworkMocking;
			sourceTree = "<group>";
		};
		F695DF902455EEE100A65A04 /* System */ = {
			isa = PBXGroup;
			children = (
				F695DF922455F09100A65A04 /* AppDelegateTests.swift */,
				F695DF942455F2BB00A65A04 /* SceneDelegateTests.swift */,
				F6F003B0236AF31400AAC7C6 /* SystemEventsHandlerTests.swift */,
				F695DF962455F4CB00A65A04 /* PushNotificationsHandlerTests.swift */,
				F695DF982456111300A65A04 /* DeepLinksHandlerTests.swift */,
				52333A91265445F30034072B /* UIOpenURLContext_Init.h */,
				52333A922654463B0034072B /* UIOpenURLContext_Init.m */,
				52333A90265445F30034072B /* UnitTests-Bridging-Header.h */,
			);
			path = System;
			sourceTree = "<group>";
		};
		F695DF912455EF1400A65A04 /* Persistence */ = {
			isa = PBXGroup;
			children = (
				F67B3B21244C5B8700DA7FA6 /* CoreDataStackTests.swift */,
			);
			path = Persistence;
			sourceTree = "<group>";
		};
		F6F003B4236B034A00AAC7C6 /* Interactors */ = {
			isa = PBXGroup;
			children = (
				F6F003B5236B036800AAC7C6 /* CountriesInteractorTests.swift */,
				F661F2C4237772CE0014E142 /* ImagesInteractorTests.swift */,
				F6B8832224561DDB00EA4067 /* UserPermissionsInteractorTests.swift */,
			);
			path = Interactors;
			sourceTree = "<group>";
		};
/* End PBXGroup section */

/* Begin PBXNativeTarget section */
		F64495E02360D66400C9BB1F /* CountriesSwiftUI */ = {
			isa = PBXNativeTarget;
			buildConfigurationList = F64495F52360D66700C9BB1F /* Build configuration list for PBXNativeTarget "CountriesSwiftUI" */;
			buildPhases = (
				F62DF39A237AFE9400CE1234 /* Run swiftlint */,
				F64495DD2360D66400C9BB1F /* Sources */,
				F64495DE2360D66400C9BB1F /* Frameworks */,
				F64495DF2360D66400C9BB1F /* Resources */,
			);
			buildRules = (
			);
			dependencies = (
			);
			name = CountriesSwiftUI;
			packageProductDependencies = (
				F6E7ACE123F5D1EC00AB48AB /* EnvironmentOverrides */,
			);
			productName = CountriesSwiftUI;
			productReference = F64495E12360D66400C9BB1F /* CountriesSwiftUI.app */;
			productType = "com.apple.product-type.application";
		};
		F67833D12369CCBD0065272F /* UnitTests */ = {
			isa = PBXNativeTarget;
			buildConfigurationList = F67833D92369CCBD0065272F /* Build configuration list for PBXNativeTarget "UnitTests" */;
			buildPhases = (
				F67833CE2369CCBD0065272F /* Sources */,
				F67833CF2369CCBD0065272F /* Frameworks */,
				F67833D02369CCBD0065272F /* Resources */,
			);
			buildRules = (
			);
			dependencies = (
				F67833D82369CCBD0065272F /* PBXTargetDependency */,
			);
			name = UnitTests;
			packageProductDependencies = (
				F6B6212323B52AE600CD00C7 /* ViewInspector */,
			);
			productName = UnitTests;
			productReference = F67833D22369CCBD0065272F /* UnitTests.xctest */;
			productType = "com.apple.product-type.bundle.unit-test";
		};
/* End PBXNativeTarget section */

/* Begin PBXProject section */
		F64495D92360D66400C9BB1F /* Project object */ = {
			isa = PBXProject;
			attributes = {
				LastSwiftUpdateCheck = 1110;
				LastUpgradeCheck = 1200;
				ORGANIZATIONNAME = "Alexey Naumov";
				TargetAttributes = {
					F64495E02360D66400C9BB1F = {
						CreatedOnToolsVersion = 11.1;
					};
					F67833D12369CCBD0065272F = {
						CreatedOnToolsVersion = 11.1;
						LastSwiftMigration = 1250;
						TestTargetID = F64495E02360D66400C9BB1F;
					};
				};
			};
			buildConfigurationList = F64495DC2360D66400C9BB1F /* Build configuration list for PBXProject "CountriesSwiftUI" */;
			compatibilityVersion = "Xcode 9.3";
			developmentRegion = en;
			hasScannedForEncodings = 0;
			knownRegions = (
				en,
				Base,
				fr,
				es,
				ja,
			);
			mainGroup = F64495D82360D66400C9BB1F;
			packageReferences = (
				F6B6212223B52AE600CD00C7 /* XCRemoteSwiftPackageReference "ViewInspector" */,
				F6E7ACE023F5D1EC00AB48AB /* XCRemoteSwiftPackageReference "EnvironmentOverrides" */,
			);
			productRefGroup = F64495E22360D66400C9BB1F /* Products */;
			projectDirPath = "";
			projectRoot = "";
			targets = (
				F64495E02360D66400C9BB1F /* CountriesSwiftUI */,
				F67833D12369CCBD0065272F /* UnitTests */,
			);
		};
/* End PBXProject section */

/* Begin PBXResourcesBuildPhase section */
		F64495DF2360D66400C9BB1F /* Resources */ = {
			isa = PBXResourcesBuildPhase;
			buildActionMask = 2147483647;
			files = (
				F64495F12360D66700C9BB1F /* LaunchScreen.storyboard in Resources */,
				F66EDB6823F1599F00A01B9F /* Localizable.strings in Resources */,
				F64495EE2360D66700C9BB1F /* Preview Assets.xcassets in Resources */,
				F64495EB2360D66700C9BB1F /* Assets.xcassets in Resources */,
			);
			runOnlyForDeploymentPostprocessing = 0;
		};
		F67833D02369CCBD0065272F /* Resources */ = {
			isa = PBXResourcesBuildPhase;
			buildActionMask = 2147483647;
			files = (
			);
			runOnlyForDeploymentPostprocessing = 0;
		};
/* End PBXResourcesBuildPhase section */

/* Begin PBXShellScriptBuildPhase section */
		F62DF39A237AFE9400CE1234 /* Run swiftlint */ = {
			isa = PBXShellScriptBuildPhase;
			buildActionMask = 2147483647;
			files = (
			);
			inputFileListPaths = (
			);
			inputPaths = (
			);
			name = "Run swiftlint";
			outputFileListPaths = (
			);
			outputPaths = (
			);
			runOnlyForDeploymentPostprocessing = 0;
			shellPath = /bin/sh;
			shellScript = "if command -v swiftlint > /dev/null; then\n  swiftlint lint --config \"${SRCROOT}/.swiftlint.yml\"\nfi\n";
		};
/* End PBXShellScriptBuildPhase section */

/* Begin PBXSourcesBuildPhase section */
		F64495DD2360D66400C9BB1F /* Sources */ = {
			isa = PBXSourcesBuildPhase;
			buildActionMask = 2147483647;
			files = (
				F6238A952444627D00DD30EA /* CountriesDBRepository.swift in Sources */,
				F6863E462364FCC800E9B227 /* MockedData.swift in Sources */,
				F64495E52360D66400C9BB1F /* AppDelegate.swift in Sources */,
				F6218DB623634D4100917938 /* ErrorView.swift in Sources */,
				F674964A244B059A00E1D76B /* LazyList.swift in Sources */,
				F6238A9624449DC200DD30EA /* db_model_v1.xcdatamodeld in Sources */,
				F6218DB22362FD3100917938 /* CountryCell.swift in Sources */,
				F67DBD5223663BCD00C83258 /* SystemEventsHandler.swift in Sources */,
				F64496102361B64700C9BB1F /* CountriesList.swift in Sources */,
				F695DF8624559F8D00A65A04 /* PushNotificationsHandler.swift in Sources */,
				F67F62B324430AE800A6ED11 /* CoreDataStack.swift in Sources */,
				F6BDB91623636865003E69F2 /* DetailRow.swift in Sources */,
				F661F2CC23783E360014E142 /* Helpers.swift in Sources */,
				F60B5E3D2438DA47009BCBB3 /* CancelBag.swift in Sources */,
				F60B5E412438DAF6009BCBB3 /* NetworkingHelpers.swift in Sources */,
				F64495E72360D66400C9BB1F /* SceneDelegate.swift in Sources */,
				F67F62B52443276000A6ED11 /* Models+CoreData.swift in Sources */,
				F64495E92360D66400C9BB1F /* ContentView.swift in Sources */,
				F67DBD652368875A00C83258 /* CountriesWebRepository.swift in Sources */,
				F644960C2360EAD000C9BB1F /* APICall.swift in Sources */,
				F695DF8D2455D36900A65A04 /* PushTokenWebRepository.swift in Sources */,
				F64496122361BB4900C9BB1F /* InteractorsContainer.swift in Sources */,
				F6218DB42363051D00917938 /* CountryDetails.swift in Sources */,
				F60B5E3F2438DA57009BCBB3 /* Store.swift in Sources */,
				F62822B4236478DE00823BA1 /* ModalDetailsView.swift in Sources */,
				F695DF8B2455B04100A65A04 /* UserPermissionsInteractor.swift in Sources */,
				F68B530C23771A9400D6337C /* ImagesInteractor.swift in Sources */,
				F6C1F9D723CE3034005A98C8 /* SearchBar.swift in Sources */,
				F6BDB91823637C5F003E69F2 /* ActivityIndicatorView.swift in Sources */,
				F67DBD542366E2E200C83258 /* DependencyInjector.swift in Sources */,
				F695DF892455AD9300A65A04 /* DeepLinksHandler.swift in Sources */,
				F6238A91244337D400DD30EA /* CoreDataHelpers.swift in Sources */,
				F64496082360DFB700C9BB1F /* Models.swift in Sources */,
				F64496032360D8EB00C9BB1F /* Loadable.swift in Sources */,
				F661F2B8237738CE0014E142 /* RootViewModifier.swift in Sources */,
				F6BDB91A236382E7003E69F2 /* ImageView.swift in Sources */,
				F661F2B6237734FA0014E142 /* AppEnvironment.swift in Sources */,
				F68B530A2376EE8C00D6337C /* ImageWebRepository.swift in Sources */,
				F644960E2360EF6C00C9BB1F /* WebRepository.swift in Sources */,
				F64496002360D8B000C9BB1F /* CountriesInteractor.swift in Sources */,
				F64495FD2360D81F00C9BB1F /* AppState.swift in Sources */,
			);
			runOnlyForDeploymentPostprocessing = 0;
		};
		F67833CE2369CCBD0065272F /* Sources */ = {
			isa = PBXSourcesBuildPhase;
			buildActionMask = 2147483647;
			files = (
				F60CC507236C5CFA007E84B2 /* CountryDetailsTests.swift in Sources */,
				F60829712369CE0100DB292E /* RequestMocking.swift in Sources */,
				F67D1274244CA019006A8CC4 /* MockedPersistentStore.swift in Sources */,
				F67451F5243A4CC200A4B498 /* RootViewAppearanceTests.swift in Sources */,
				F6B8832124561C5E00EA4067 /* PushTokenWebRepositoryTests.swift in Sources */,
				F661F2C5237772CE0014E142 /* ImagesInteractorTests.swift in Sources */,
				F6F003B3236AF9F100AAC7C6 /* LoadableTests.swift in Sources */,
				F695DF992456111300A65A04 /* DeepLinksHandlerTests.swift in Sources */,
				F60829762369D58A00DB292E /* CountriesWebRepositoryTests.swift in Sources */,
				F6F003B6236B036800AAC7C6 /* CountriesInteractorTests.swift in Sources */,
				F60CC509236C6084007E84B2 /* ViewPreviewsTests.swift in Sources */,
				F68B530523743D8600D6337C /* MockedInteractors.swift in Sources */,
				F6F003B1236AF31400AAC7C6 /* SystemEventsHandlerTests.swift in Sources */,
				F6F003B8236B04B400AAC7C6 /* MockedWebRepositories.swift in Sources */,
				F60829732369CE5300DB292E /* MockedResponse.swift in Sources */,
				F60CC503236C3CA8007E84B2 /* CountriesListTests.swift in Sources */,
				F67B3B1F244B667B00DA7FA6 /* LazyListTests.swift in Sources */,
				F60829782369DCD200DB292E /* TestHelpers.swift in Sources */,
				F661F2BC237757040014E142 /* ImageWebRepositoryTests.swift in Sources */,
				F695DF932455F09100A65A04 /* AppDelegateTests.swift in Sources */,
				F67D1272244C7AA2006A8CC4 /* CountriesDBRepositoryTests.swift in Sources */,
				F6F003AF236A290E00AAC7C6 /* WebRepositoryTests.swift in Sources */,
				F6E7ACE523F83BEB00AB48AB /* ContentViewTests.swift in Sources */,
				F60CC50B236C622C007E84B2 /* ModalDetailsViewTests.swift in Sources */,
				F695DF8F2455DEDE00A65A04 /* MockedSystemEventsHandler.swift in Sources */,
				52333A932654463B0034072B /* UIOpenURLContext_Init.m in Sources */,
				F695DF972455F4CB00A65A04 /* PushNotificationsHandlerTests.swift in Sources */,
				F6500B4A23C8F2AC0086FD70 /* DeepLinkUITests.swift in Sources */,
				F6621FE9244B3DE100DC583F /* MockedDBRepositories.swift in Sources */,
				F68B5308237441AD00D6337C /* Mock.swift in Sources */,
				F67B3B22244C5B8700DA7FA6 /* CoreDataStackTests.swift in Sources */,
				F661F2CA23777D440014E142 /* ImageViewTests.swift in Sources */,
				F6F606A823CF25EC00F36F5D /* SearchBarTests.swift in Sources */,
				F6B8832324561DDB00EA4067 /* UserPermissionsInteractorTests.swift in Sources */,
				F6B883252456326D00EA4067 /* HelpersTests.swift in Sources */,
				F695DF952455F2BB00A65A04 /* SceneDelegateTests.swift in Sources */,
			);
			runOnlyForDeploymentPostprocessing = 0;
		};
/* End PBXSourcesBuildPhase section */

/* Begin PBXTargetDependency section */
		F67833D82369CCBD0065272F /* PBXTargetDependency */ = {
			isa = PBXTargetDependency;
			target = F64495E02360D66400C9BB1F /* CountriesSwiftUI */;
			targetProxy = F67833D72369CCBD0065272F /* PBXContainerItemProxy */;
		};
/* End PBXTargetDependency section */

/* Begin PBXVariantGroup section */
		F64495EF2360D66700C9BB1F /* LaunchScreen.storyboard */ = {
			isa = PBXVariantGroup;
			children = (
				F66EDB6723F1599800A01B9F /* en */,
			);
			name = LaunchScreen.storyboard;
			sourceTree = "<group>";
		};
		F66EDB6A23F1599F00A01B9F /* Localizable.strings */ = {
			isa = PBXVariantGroup;
			children = (
				F66EDB6923F1599F00A01B9F /* en */,
				F66EDB6C23F168FF00A01B9F /* fr */,
				F66EDB6D23F1691400A01B9F /* es */,
				F66EDB6E23F1692000A01B9F /* ja */,
			);
			name = Localizable.strings;
			sourceTree = "<group>";
		};
/* End PBXVariantGroup section */

/* Begin XCBuildConfiguration section */
		F64495F32360D66700C9BB1F /* Debug */ = {
			isa = XCBuildConfiguration;
			buildSettings = {
				ALWAYS_SEARCH_USER_PATHS = NO;
				CLANG_ANALYZER_LOCALIZABILITY_NONLOCALIZED = YES;
				CLANG_ANALYZER_NONNULL = YES;
				CLANG_ANALYZER_NUMBER_OBJECT_CONVERSION = YES_AGGRESSIVE;
				CLANG_CXX_LANGUAGE_STANDARD = "gnu++14";
				CLANG_CXX_LIBRARY = "libc++";
				CLANG_ENABLE_MODULES = YES;
				CLANG_ENABLE_OBJC_ARC = YES;
				CLANG_ENABLE_OBJC_WEAK = YES;
				CLANG_WARN_BLOCK_CAPTURE_AUTORELEASING = YES;
				CLANG_WARN_BOOL_CONVERSION = YES;
				CLANG_WARN_COMMA = YES;
				CLANG_WARN_CONSTANT_CONVERSION = YES;
				CLANG_WARN_DEPRECATED_OBJC_IMPLEMENTATIONS = YES;
				CLANG_WARN_DIRECT_OBJC_ISA_USAGE = YES_ERROR;
				CLANG_WARN_DOCUMENTATION_COMMENTS = YES;
				CLANG_WARN_EMPTY_BODY = YES;
				CLANG_WARN_ENUM_CONVERSION = YES;
				CLANG_WARN_INFINITE_RECURSION = YES;
				CLANG_WARN_INT_CONVERSION = YES;
				CLANG_WARN_NON_LITERAL_NULL_CONVERSION = YES;
				CLANG_WARN_OBJC_IMPLICIT_RETAIN_SELF = YES;
				CLANG_WARN_OBJC_LITERAL_CONVERSION = YES;
				CLANG_WARN_OBJC_ROOT_CLASS = YES_ERROR;
				CLANG_WARN_QUOTED_INCLUDE_IN_FRAMEWORK_HEADER = YES;
				CLANG_WARN_RANGE_LOOP_ANALYSIS = YES;
				CLANG_WARN_STRICT_PROTOTYPES = YES;
				CLANG_WARN_SUSPICIOUS_MOVE = YES;
				CLANG_WARN_UNGUARDED_AVAILABILITY = YES_AGGRESSIVE;
				CLANG_WARN_UNREACHABLE_CODE = YES;
				CLANG_WARN__DUPLICATE_METHOD_MATCH = YES;
				COPY_PHASE_STRIP = NO;
				DEBUG_INFORMATION_FORMAT = dwarf;
				ENABLE_STRICT_OBJC_MSGSEND = YES;
				ENABLE_TESTABILITY = YES;
				GCC_C_LANGUAGE_STANDARD = gnu11;
				GCC_DYNAMIC_NO_PIC = NO;
				GCC_NO_COMMON_BLOCKS = YES;
				GCC_OPTIMIZATION_LEVEL = 0;
				GCC_PREPROCESSOR_DEFINITIONS = (
					"DEBUG=1",
					"$(inherited)",
				);
				GCC_WARN_64_TO_32_BIT_CONVERSION = YES;
				GCC_WARN_ABOUT_RETURN_TYPE = YES_ERROR;
				GCC_WARN_UNDECLARED_SELECTOR = YES;
				GCC_WARN_UNINITIALIZED_AUTOS = YES_AGGRESSIVE;
				GCC_WARN_UNUSED_FUNCTION = YES;
				GCC_WARN_UNUSED_VARIABLE = YES;
				IPHONEOS_DEPLOYMENT_TARGET = 14.0;
				MTL_ENABLE_DEBUG_INFO = INCLUDE_SOURCE;
				MTL_FAST_MATH = YES;
				ONLY_ACTIVE_ARCH = YES;
				SDKROOT = iphoneos;
				SWIFT_ACTIVE_COMPILATION_CONDITIONS = DEBUG;
				SWIFT_OPTIMIZATION_LEVEL = "-Onone";
			};
			name = Debug;
		};
		F64495F42360D66700C9BB1F /* Release */ = {
			isa = XCBuildConfiguration;
			buildSettings = {
				ALWAYS_SEARCH_USER_PATHS = NO;
				CLANG_ANALYZER_LOCALIZABILITY_NONLOCALIZED = YES;
				CLANG_ANALYZER_NONNULL = YES;
				CLANG_ANALYZER_NUMBER_OBJECT_CONVERSION = YES_AGGRESSIVE;
				CLANG_CXX_LANGUAGE_STANDARD = "gnu++14";
				CLANG_CXX_LIBRARY = "libc++";
				CLANG_ENABLE_MODULES = YES;
				CLANG_ENABLE_OBJC_ARC = YES;
				CLANG_ENABLE_OBJC_WEAK = YES;
				CLANG_WARN_BLOCK_CAPTURE_AUTORELEASING = YES;
				CLANG_WARN_BOOL_CONVERSION = YES;
				CLANG_WARN_COMMA = YES;
				CLANG_WARN_CONSTANT_CONVERSION = YES;
				CLANG_WARN_DEPRECATED_OBJC_IMPLEMENTATIONS = YES;
				CLANG_WARN_DIRECT_OBJC_ISA_USAGE = YES_ERROR;
				CLANG_WARN_DOCUMENTATION_COMMENTS = YES;
				CLANG_WARN_EMPTY_BODY = YES;
				CLANG_WARN_ENUM_CONVERSION = YES;
				CLANG_WARN_INFINITE_RECURSION = YES;
				CLANG_WARN_INT_CONVERSION = YES;
				CLANG_WARN_NON_LITERAL_NULL_CONVERSION = YES;
				CLANG_WARN_OBJC_IMPLICIT_RETAIN_SELF = YES;
				CLANG_WARN_OBJC_LITERAL_CONVERSION = YES;
				CLANG_WARN_OBJC_ROOT_CLASS = YES_ERROR;
				CLANG_WARN_QUOTED_INCLUDE_IN_FRAMEWORK_HEADER = YES;
				CLANG_WARN_RANGE_LOOP_ANALYSIS = YES;
				CLANG_WARN_STRICT_PROTOTYPES = YES;
				CLANG_WARN_SUSPICIOUS_MOVE = YES;
				CLANG_WARN_UNGUARDED_AVAILABILITY = YES_AGGRESSIVE;
				CLANG_WARN_UNREACHABLE_CODE = YES;
				CLANG_WARN__DUPLICATE_METHOD_MATCH = YES;
				COPY_PHASE_STRIP = NO;
				DEBUG_INFORMATION_FORMAT = "dwarf-with-dsym";
				ENABLE_NS_ASSERTIONS = NO;
				ENABLE_STRICT_OBJC_MSGSEND = YES;
				GCC_C_LANGUAGE_STANDARD = gnu11;
				GCC_NO_COMMON_BLOCKS = YES;
				GCC_WARN_64_TO_32_BIT_CONVERSION = YES;
				GCC_WARN_ABOUT_RETURN_TYPE = YES_ERROR;
				GCC_WARN_UNDECLARED_SELECTOR = YES;
				GCC_WARN_UNINITIALIZED_AUTOS = YES_AGGRESSIVE;
				GCC_WARN_UNUSED_FUNCTION = YES;
				GCC_WARN_UNUSED_VARIABLE = YES;
				IPHONEOS_DEPLOYMENT_TARGET = 14.0;
				MTL_ENABLE_DEBUG_INFO = NO;
				MTL_FAST_MATH = YES;
				SDKROOT = iphoneos;
				SWIFT_COMPILATION_MODE = wholemodule;
				SWIFT_OPTIMIZATION_LEVEL = "-O";
				VALIDATE_PRODUCT = YES;
			};
			name = Release;
		};
		F64495F62360D66700C9BB1F /* Debug */ = {
			isa = XCBuildConfiguration;
			buildSettings = {
				ASSETCATALOG_COMPILER_APPICON_NAME = AppIcon;
				CODE_SIGN_ENTITLEMENTS = CountriesSwiftUI/Resources/CountriesSwiftUI.entitlements;
				"CODE_SIGN_IDENTITY[sdk=macosx*]" = "-";
				CODE_SIGN_STYLE = Automatic;
				DERIVE_MACCATALYST_PRODUCT_BUNDLE_IDENTIFIER = YES;
				DEVELOPMENT_ASSET_PATHS = "\"CountriesSwiftUI/Resources\"";
				DEVELOPMENT_TEAM = "";
				ENABLE_PREVIEWS = YES;
				INFOPLIST_FILE = CountriesSwiftUI/Resources/Info.plist;
				IPHONEOS_DEPLOYMENT_TARGET = 14.0;
				LD_RUNPATH_SEARCH_PATHS = (
					"$(inherited)",
					"@executable_path/Frameworks",
				);
				MACOSX_DEPLOYMENT_TARGET = 12.0;
				MARKETING_VERSION = 2.0;
				PRODUCT_BUNDLE_IDENTIFIER = com.countries.swiftui;
				PRODUCT_NAME = "$(TARGET_NAME)";
				SUPPORTS_MACCATALYST = YES;
				SWIFT_VERSION = 5.0;
				TARGETED_DEVICE_FAMILY = "1,2";
			};
			name = Debug;
		};
		F64495F72360D66700C9BB1F /* Release */ = {
			isa = XCBuildConfiguration;
			buildSettings = {
				ASSETCATALOG_COMPILER_APPICON_NAME = AppIcon;
				CODE_SIGN_ENTITLEMENTS = CountriesSwiftUI/Resources/CountriesSwiftUI.entitlements;
				"CODE_SIGN_IDENTITY[sdk=macosx*]" = "-";
				CODE_SIGN_STYLE = Automatic;
				DERIVE_MACCATALYST_PRODUCT_BUNDLE_IDENTIFIER = YES;
				DEVELOPMENT_ASSET_PATHS = "\"CountriesSwiftUI/Resources\"";
				DEVELOPMENT_TEAM = "";
				ENABLE_PREVIEWS = YES;
				INFOPLIST_FILE = CountriesSwiftUI/Resources/Info.plist;
				IPHONEOS_DEPLOYMENT_TARGET = 14.0;
				LD_RUNPATH_SEARCH_PATHS = (
					"$(inherited)",
					"@executable_path/Frameworks",
				);
				MACOSX_DEPLOYMENT_TARGET = 12.0;
				MARKETING_VERSION = 2.0;
				PRODUCT_BUNDLE_IDENTIFIER = com.countries.swiftui;
				PRODUCT_NAME = "$(TARGET_NAME)";
				SUPPORTS_MACCATALYST = YES;
				SWIFT_VERSION = 5.0;
				TARGETED_DEVICE_FAMILY = "1,2";
			};
			name = Release;
		};
		F67833DA2369CCBD0065272F /* Debug */ = {
			isa = XCBuildConfiguration;
			buildSettings = {
				BUNDLE_LOADER = "$(TEST_HOST)";
				CLANG_ENABLE_MODULES = YES;
				"CODE_SIGN_IDENTITY[sdk=macosx*]" = "-";
				CODE_SIGN_STYLE = Automatic;
				DEVELOPMENT_TEAM = "";
				INFOPLIST_FILE = UnitTests/Resources/Info.plist;
				LD_RUNPATH_SEARCH_PATHS = (
					"$(inherited)",
					"@executable_path/Frameworks",
					"@loader_path/Frameworks",
				);
				MACOSX_DEPLOYMENT_TARGET = 12.0;
				PRODUCT_BUNDLE_IDENTIFIER = com.countries.swiftui.UnitTests;
				PRODUCT_NAME = "$(TARGET_NAME)";
				SWIFT_OBJC_BRIDGING_HEADER = "UnitTests/System/UnitTests-Bridging-Header.h";
				SWIFT_OPTIMIZATION_LEVEL = "-Onone";
				SWIFT_VERSION = 5.0;
				TARGETED_DEVICE_FAMILY = "1,2";
				TEST_HOST = "$(BUILT_PRODUCTS_DIR)/CountriesSwiftUI.app/CountriesSwiftUI";
			};
			name = Debug;
		};
		F67833DB2369CCBD0065272F /* Release */ = {
			isa = XCBuildConfiguration;
			buildSettings = {
				BUNDLE_LOADER = "$(TEST_HOST)";
				CLANG_ENABLE_MODULES = YES;
				"CODE_SIGN_IDENTITY[sdk=macosx*]" = "-";
				CODE_SIGN_STYLE = Automatic;
				DEVELOPMENT_TEAM = "";
				INFOPLIST_FILE = UnitTests/Resources/Info.plist;
				LD_RUNPATH_SEARCH_PATHS = (
					"$(inherited)",
					"@executable_path/Frameworks",
					"@loader_path/Frameworks",
				);
				MACOSX_DEPLOYMENT_TARGET = 12.0;
				PRODUCT_BUNDLE_IDENTIFIER = com.countries.swiftui.UnitTests;
				PRODUCT_NAME = "$(TARGET_NAME)";
				SWIFT_OBJC_BRIDGING_HEADER = "UnitTests/System/UnitTests-Bridging-Header.h";
				SWIFT_VERSION = 5.0;
				TARGETED_DEVICE_FAMILY = "1,2";
				TEST_HOST = "$(BUILT_PRODUCTS_DIR)/CountriesSwiftUI.app/CountriesSwiftUI";
			};
			name = Release;
		};
/* End XCBuildConfiguration section */

/* Begin XCConfigurationList section */
		F64495DC2360D66400C9BB1F /* Build configuration list for PBXProject "CountriesSwiftUI" */ = {
			isa = XCConfigurationList;
			buildConfigurations = (
				F64495F32360D66700C9BB1F /* Debug */,
				F64495F42360D66700C9BB1F /* Release */,
			);
			defaultConfigurationIsVisible = 0;
			defaultConfigurationName = Release;
		};
		F64495F52360D66700C9BB1F /* Build configuration list for PBXNativeTarget "CountriesSwiftUI" */ = {
			isa = XCConfigurationList;
			buildConfigurations = (
				F64495F62360D66700C9BB1F /* Debug */,
				F64495F72360D66700C9BB1F /* Release */,
			);
			defaultConfigurationIsVisible = 0;
			defaultConfigurationName = Release;
		};
		F67833D92369CCBD0065272F /* Build configuration list for PBXNativeTarget "UnitTests" */ = {
			isa = XCConfigurationList;
			buildConfigurations = (
				F67833DA2369CCBD0065272F /* Debug */,
				F67833DB2369CCBD0065272F /* Release */,
			);
			defaultConfigurationIsVisible = 0;
			defaultConfigurationName = Release;
		};
/* End XCConfigurationList section */

/* Begin XCRemoteSwiftPackageReference section */
		F6B6212223B52AE600CD00C7 /* XCRemoteSwiftPackageReference "ViewInspector" */ = {
			isa = XCRemoteSwiftPackageReference;
			repositoryURL = "https://github.com/nalexn/ViewInspector";
			requirement = {
				kind = exactVersion;
				version = 0.9.1;
			};
		};
		F6E7ACE023F5D1EC00AB48AB /* XCRemoteSwiftPackageReference "EnvironmentOverrides" */ = {
			isa = XCRemoteSwiftPackageReference;
			repositoryURL = "https://github.com/nalexn/EnvironmentOverrides";
			requirement = {
				kind = exactVersion;
				version = 0.0.4;
			};
		};
/* End XCRemoteSwiftPackageReference section */

/* Begin XCSwiftPackageProductDependency section */
		F6B6212323B52AE600CD00C7 /* ViewInspector */ = {
			isa = XCSwiftPackageProductDependency;
			package = F6B6212223B52AE600CD00C7 /* XCRemoteSwiftPackageReference "ViewInspector" */;
			productName = ViewInspector;
		};
		F6E7ACE123F5D1EC00AB48AB /* EnvironmentOverrides */ = {
			isa = XCSwiftPackageProductDependency;
			package = F6E7ACE023F5D1EC00AB48AB /* XCRemoteSwiftPackageReference "EnvironmentOverrides" */;
			productName = EnvironmentOverrides;
		};
/* End XCSwiftPackageProductDependency section */

/* Begin XCVersionGroup section */
		F633BA5024432ACE00402237 /* db_model_v1.xcdatamodeld */ = {
			isa = XCVersionGroup;
			children = (
				F633BA5124432ACE00402237 /* db_model_v1.xcdatamodel */,
			);
			currentVersion = F633BA5124432ACE00402237 /* db_model_v1.xcdatamodel */;
			path = db_model_v1.xcdatamodeld;
			sourceTree = "<group>";
			versionGroupType = wrapper.xcdatamodel;
		};
/* End XCVersionGroup section */
	};
	rootObject = F64495D92360D66400C9BB1F /* Project object */;
}
